// !$*UTF8*$!
{
	archiveVersion = 1;
	classes = {
	};
	objectVersion = 56;
	objects = {

/* Begin PBXBuildFile section */
		126C27432EFCBA590036A687 /* AppDelegate.m in Sources */ = {isa = PBXBuildFile; fileRef = 126C27422EFCBA590036A687 /* AppDelegate.m */; };
		126C27462EFCBA590036A687 /* GameViewController.m in Sources */ = {isa = PBXBuildFile; fileRef = 126C27452EFCBA590036A687 /* GameViewController.m */; };
		126C27492EFCBA590036A687 /* Base in Resources */ = {isa = PBXBuildFile; fileRef = 126C27482EFCBA590036A687 /* Base */; };
		126C274C2EFCBA590036A687 /* Base in Resources */ = {isa = PBXBuildFile; fileRef = 126C274B2EFCBA590036A687 /* Base */; };
		126C274E2EFCBA590036A687 /* main.m in Sources */ = {isa = PBXBuildFile; fileRef = 126C274D2EFCBA590036A687 /* main.m */; };
		126C27572EFCBA590036A687 /* AppDelegate.m in Sources */ = {isa = PBXBuildFile; fileRef = 126C27562EFCBA590036A687 /* AppDelegate.m */; };
		126C275A2EFCBA590036A687 /* GameViewController.m in Sources */ = {isa = PBXBuildFile; fileRef = 126C27592EFCBA590036A687 /* GameViewController.m */; };
		126C275D2EFCBA590036A687 /* Base in Resources */ = {isa = PBXBuildFile; fileRef = 126C275C2EFCBA590036A687 /* Base */; };
		126C27602EFCBA590036A687 /* Base in Resources */ = {isa = PBXBuildFile; fileRef = 126C275F2EFCBA590036A687 /* Base */; };
		126C27622EFCBA590036A687 /* main.m in Sources */ = {isa = PBXBuildFile; fileRef = 126C27612EFCBA590036A687 /* main.m */; };
		126C276B2EFCBA590036A687 /* AppDelegate.m in Sources */ = {isa = PBXBuildFile; fileRef = 126C276A2EFCBA590036A687 /* AppDelegate.m */; };
		126C276E2EFCBA590036A687 /* GameViewController.m in Sources */ = {isa = PBXBuildFile; fileRef = 126C276D2EFCBA590036A687 /* GameViewController.m */; };
		126C27712EFCBA590036A687 /* Base in Resources */ = {isa = PBXBuildFile; fileRef = 126C27702EFCBA590036A687 /* Base */; };
		126C27732EFCBA590036A687 /* main.m in Sources */ = {isa = PBXBuildFile; fileRef = 126C27722EFCBA590036A687 /* main.m */; };
		126C27752EFCBA590036A687 /* Renderer.m in Sources */ = {isa = PBXBuildFile; fileRef = 126C27362EFCBA580036A687 /* Renderer.m */; };
		126C27762EFCBA590036A687 /* Renderer.m in Sources */ = {isa = PBXBuildFile; fileRef = 126C27362EFCBA580036A687 /* Renderer.m */; };
		126C27772EFCBA590036A687 /* Renderer.m in Sources */ = {isa = PBXBuildFile; fileRef = 126C27362EFCBA580036A687 /* Renderer.m */; };
		126C27782EFCBA590036A687 /* Shaders.metal in Sources */ = {isa = PBXBuildFile; fileRef = 126C27382EFCBA580036A687 /* Shaders.metal */; };
		126C27792EFCBA590036A687 /* Shaders.metal in Sources */ = {isa = PBXBuildFile; fileRef = 126C27382EFCBA580036A687 /* Shaders.metal */; };
		126C277A2EFCBA590036A687 /* Shaders.metal in Sources */ = {isa = PBXBuildFile; fileRef = 126C27382EFCBA580036A687 /* Shaders.metal */; };
		126C277B2EFCBA590036A687 /* Assets.xcassets in Resources */ = {isa = PBXBuildFile; fileRef = 126C27392EFCBA590036A687 /* Assets.xcassets */; };
		126C277C2EFCBA590036A687 /* Assets.xcassets in Resources */ = {isa = PBXBuildFile; fileRef = 126C27392EFCBA590036A687 /* Assets.xcassets */; };
		126C277D2EFCBA590036A687 /* Assets.xcassets in Resources */ = {isa = PBXBuildFile; fileRef = 126C27392EFCBA590036A687 /* Assets.xcassets */; };
		12CFC7AA2EFCBF9B00792565 /* ExpressionEvaluator.framework in Frameworks */ = {isa = PBXBuildFile; fileRef = 12CFC6F62EFCBF4100792565 /* ExpressionEvaluator.framework */; };
		12CFC7E22EFF913300792565 /* LSon.framework in Frameworks */ = {isa = PBXBuildFile; fileRef = 12CFC7C42EFF90B100792565 /* LSon.framework */; };
		12CFC8532EFF991100792565 /* LSNFeatureSet.cpp in Sources */ = {isa = PBXBuildFile; fileRef = 12CFC8062EFF991100792565 /* LSNFeatureSet.cpp */; };
		12CFC8542EFF991100792565 /* LSNFeatureSet.cpp in Sources */ = {isa = PBXBuildFile; fileRef = 12CFC8062EFF991100792565 /* LSNFeatureSet.cpp */; };
		12CFC8552EFF991100792565 /* LSNFeatureSet.cpp in Sources */ = {isa = PBXBuildFile; fileRef = 12CFC8062EFF991100792565 /* LSNFeatureSet.cpp */; };
		12CFC8562EFF991100792565 /* LSNFileBase.cpp in Sources */ = {isa = PBXBuildFile; fileRef = 12CFC80A2EFF991100792565 /* LSNFileBase.cpp */; };
		12CFC8572EFF991100792565 /* LSNFileBase.cpp in Sources */ = {isa = PBXBuildFile; fileRef = 12CFC80A2EFF991100792565 /* LSNFileBase.cpp */; };
		12CFC8582EFF991100792565 /* LSNFileBase.cpp in Sources */ = {isa = PBXBuildFile; fileRef = 12CFC80A2EFF991100792565 /* LSNFileBase.cpp */; };
		12CFC8592EFF991100792565 /* LSNFileMap.cpp in Sources */ = {isa = PBXBuildFile; fileRef = 12CFC80C2EFF991100792565 /* LSNFileMap.cpp */; };
		12CFC85A2EFF991100792565 /* LSNFileMap.cpp in Sources */ = {isa = PBXBuildFile; fileRef = 12CFC80C2EFF991100792565 /* LSNFileMap.cpp */; };
		12CFC85B2EFF991100792565 /* LSNFileMap.cpp in Sources */ = {isa = PBXBuildFile; fileRef = 12CFC80C2EFF991100792565 /* LSNFileMap.cpp */; };
		12CFC85F2EFF991100792565 /* LSNStdFile.cpp in Sources */ = {isa = PBXBuildFile; fileRef = 12CFC8102EFF991100792565 /* LSNStdFile.cpp */; };
		12CFC8602EFF991100792565 /* LSNStdFile.cpp in Sources */ = {isa = PBXBuildFile; fileRef = 12CFC8102EFF991100792565 /* LSNStdFile.cpp */; };
		12CFC8612EFF991100792565 /* LSNStdFile.cpp in Sources */ = {isa = PBXBuildFile; fileRef = 12CFC8102EFF991100792565 /* LSNStdFile.cpp */; };
		12CFC8622EFF991100792565 /* LSNZipFile.cpp in Sources */ = {isa = PBXBuildFile; fileRef = 12CFC8122EFF991100792565 /* LSNZipFile.cpp */; };
		12CFC8632EFF991100792565 /* LSNZipFile.cpp in Sources */ = {isa = PBXBuildFile; fileRef = 12CFC8122EFF991100792565 /* LSNZipFile.cpp */; };
		12CFC8642EFF991100792565 /* LSNZipFile.cpp in Sources */ = {isa = PBXBuildFile; fileRef = 12CFC8122EFF991100792565 /* LSNZipFile.cpp */; };
		12CFC8652EFF991100792565 /* LSNCrc.cpp in Sources */ = {isa = PBXBuildFile; fileRef = 12CFC8152EFF991100792565 /* LSNCrc.cpp */; };
		12CFC8662EFF991100792565 /* LSNCrc.cpp in Sources */ = {isa = PBXBuildFile; fileRef = 12CFC8152EFF991100792565 /* LSNCrc.cpp */; };
		12CFC8672EFF991100792565 /* LSNCrc.cpp in Sources */ = {isa = PBXBuildFile; fileRef = 12CFC8152EFF991100792565 /* LSNCrc.cpp */; };
		12CFC8682EFF991100792565 /* LSNUtilities.cpp in Sources */ = {isa = PBXBuildFile; fileRef = 12CFC8182EFF991100792565 /* LSNUtilities.cpp */; };
		12CFC8692EFF991100792565 /* LSNUtilities.cpp in Sources */ = {isa = PBXBuildFile; fileRef = 12CFC8182EFF991100792565 /* LSNUtilities.cpp */; };
		12CFC86A2EFF991100792565 /* LSNUtilities.cpp in Sources */ = {isa = PBXBuildFile; fileRef = 12CFC8182EFF991100792565 /* LSNUtilities.cpp */; };
		12CFC8B32EFF991100792565 /* ChangeLog.md in Resources */ = {isa = PBXBuildFile; fileRef = 12CFC8402EFF991100792565 /* ChangeLog.md */; };
		12CFC8B42EFF991100792565 /* ChangeLog.md in Resources */ = {isa = PBXBuildFile; fileRef = 12CFC8402EFF991100792565 /* ChangeLog.md */; };
		12CFC8B52EFF991100792565 /* ChangeLog.md in Resources */ = {isa = PBXBuildFile; fileRef = 12CFC8402EFF991100792565 /* ChangeLog.md */; };
		12CFC8B62EFF991100792565 /* LICENSE in Resources */ = {isa = PBXBuildFile; fileRef = 12CFC8412EFF991100792565 /* LICENSE */; };
		12CFC8B72EFF991100792565 /* LICENSE in Resources */ = {isa = PBXBuildFile; fileRef = 12CFC8412EFF991100792565 /* LICENSE */; };
		12CFC8B82EFF991100792565 /* LICENSE in Resources */ = {isa = PBXBuildFile; fileRef = 12CFC8412EFF991100792565 /* LICENSE */; };
		12CFC8B92EFF991100792565 /* miniz.c in Sources */ = {isa = PBXBuildFile; fileRef = 12CFC8422EFF991100792565 /* miniz.c */; };
		12CFC8BA2EFF991100792565 /* miniz.c in Sources */ = {isa = PBXBuildFile; fileRef = 12CFC8422EFF991100792565 /* miniz.c */; };
		12CFC8BB2EFF991100792565 /* miniz.c in Sources */ = {isa = PBXBuildFile; fileRef = 12CFC8422EFF991100792565 /* miniz.c */; };
		12CFC8BC2EFF991100792565 /* readme.md in Resources */ = {isa = PBXBuildFile; fileRef = 12CFC8442EFF991100792565 /* readme.md */; };
		12CFC8BD2EFF991100792565 /* readme.md in Resources */ = {isa = PBXBuildFile; fileRef = 12CFC8442EFF991100792565 /* readme.md */; };
		12CFC8BE2EFF991100792565 /* readme.md in Resources */ = {isa = PBXBuildFile; fileRef = 12CFC8442EFF991100792565 /* readme.md */; };
		12CFC8C22F001F5000792565 /* LSNErrorEnum.inl in Resources */ = {isa = PBXBuildFile; fileRef = 12CFC8BF2F001F5000792565 /* LSNErrorEnum.inl */; };
		12CFC8C32F001F5000792565 /* LSNErrorEnum.inl in Resources */ = {isa = PBXBuildFile; fileRef = 12CFC8BF2F001F5000792565 /* LSNErrorEnum.inl */; };
		12CFC8C42F001F5000792565 /* LSNErrorEnum.inl in Resources */ = {isa = PBXBuildFile; fileRef = 12CFC8BF2F001F5000792565 /* LSNErrorEnum.inl */; };
		12CFC8CE2F0153BB00792565 /* LSNStringsEnum.inl in Resources */ = {isa = PBXBuildFile; fileRef = 12CFC8CA2F0153BB00792565 /* LSNStringsEnum.inl */; };
		12CFC8CF2F0153BB00792565 /* LSNStringsEnum.inl in Resources */ = {isa = PBXBuildFile; fileRef = 12CFC8CA2F0153BB00792565 /* LSNStringsEnum.inl */; };
		12CFC8D02F0153BB00792565 /* LSNStringsEnum.inl in Resources */ = {isa = PBXBuildFile; fileRef = 12CFC8CA2F0153BB00792565 /* LSNStringsEnum.inl */; };
		12CFC8E12F0B478F00792565 /* LSNCycleFuncs.inl in Resources */ = {isa = PBXBuildFile; fileRef = 12CFC8DC2F0B478F00792565 /* LSNCycleFuncs.inl */; };
		12CFC8E22F0B478F00792565 /* LSNCycleFuncs.inl in Resources */ = {isa = PBXBuildFile; fileRef = 12CFC8DC2F0B478F00792565 /* LSNCycleFuncs.inl */; };
		12CFC8E32F0B478F00792565 /* LSNCycleFuncs.inl in Resources */ = {isa = PBXBuildFile; fileRef = 12CFC8DC2F0B478F00792565 /* LSNCycleFuncs.inl */; };
		12CFC8E42F0B478F00792565 /* LSNRicoh5A22.cpp in Sources */ = {isa = PBXBuildFile; fileRef = 12CFC8DD2F0B478F00792565 /* LSNRicoh5A22.cpp */; };
		12CFC8E52F0B478F00792565 /* LSNRicoh5A22.cpp in Sources */ = {isa = PBXBuildFile; fileRef = 12CFC8DD2F0B478F00792565 /* LSNRicoh5A22.cpp */; };
		12CFC8E62F0B478F00792565 /* LSNRicoh5A22.cpp in Sources */ = {isa = PBXBuildFile; fileRef = 12CFC8DD2F0B478F00792565 /* LSNRicoh5A22.cpp */; };
		12CFC9072F0D992E00792565 /* LSNCrc.cpp in Sources */ = {isa = PBXBuildFile; fileRef = 12CFC8152EFF991100792565 /* LSNCrc.cpp */; };
		12CFC9082F0D992E00792565 /* LSNFileBase.cpp in Sources */ = {isa = PBXBuildFile; fileRef = 12CFC80A2EFF991100792565 /* LSNFileBase.cpp */; };
		12CFC9092F0D992E00792565 /* LSNStdFile.cpp in Sources */ = {isa = PBXBuildFile; fileRef = 12CFC8102EFF991100792565 /* LSNStdFile.cpp */; };
		12CFC90A2F0D992E00792565 /* LSNUtilities.cpp in Sources */ = {isa = PBXBuildFile; fileRef = 12CFC8182EFF991100792565 /* LSNUtilities.cpp */; };
		12CFC90B2F0D992E00792565 /* Renderer.m in Sources */ = {isa = PBXBuildFile; fileRef = 126C27362EFCBA580036A687 /* Renderer.m */; };
		12CFC90C2F0D992E00792565 /* GameViewController.m in Sources */ = {isa = PBXBuildFile; fileRef = 126C276D2EFCBA590036A687 /* GameViewController.m */; };
		12CFC90D2F0D992E00792565 /* main.m in Sources */ = {isa = PBXBuildFile; fileRef = 126C27722EFCBA590036A687 /* main.m */; };
		12CFC90E2F0D992E00792565 /* LSNZipFile.cpp in Sources */ = {isa = PBXBuildFile; fileRef = 12CFC8122EFF991100792565 /* LSNZipFile.cpp */; };
		12CFC90F2F0D992E00792565 /* AppDelegate.m in Sources */ = {isa = PBXBuildFile; fileRef = 126C276A2EFCBA590036A687 /* AppDelegate.m */; };
		12CFC9102F0D992E00792565 /* LSNRicoh5A22.cpp in Sources */ = {isa = PBXBuildFile; fileRef = 12CFC8DD2F0B478F00792565 /* LSNRicoh5A22.cpp */; };
		12CFC9112F0D992E00792565 /* Shaders.metal in Sources */ = {isa = PBXBuildFile; fileRef = 126C27382EFCBA580036A687 /* Shaders.metal */; };
		12CFC9122F0D992E00792565 /* miniz.c in Sources */ = {isa = PBXBuildFile; fileRef = 12CFC8422EFF991100792565 /* miniz.c */; };
		12CFC9132F0D992E00792565 /* LSNFeatureSet.cpp in Sources */ = {isa = PBXBuildFile; fileRef = 12CFC8062EFF991100792565 /* LSNFeatureSet.cpp */; };
		12CFC9142F0D992E00792565 /* LSNFileMap.cpp in Sources */ = {isa = PBXBuildFile; fileRef = 12CFC80C2EFF991100792565 /* LSNFileMap.cpp */; };
		12CFC9172F0D992E00792565 /* LSNStringsEnum.inl in Resources */ = {isa = PBXBuildFile; fileRef = 12CFC8CA2F0153BB00792565 /* LSNStringsEnum.inl */; };
		12CFC9182F0D992E00792565 /* readme.md in Resources */ = {isa = PBXBuildFile; fileRef = 12CFC8442EFF991100792565 /* readme.md */; };
		12CFC9192F0D992E00792565 /* LSNErrorEnum.inl in Resources */ = {isa = PBXBuildFile; fileRef = 12CFC8BF2F001F5000792565 /* LSNErrorEnum.inl */; };
		12CFC91A2F0D992E00792565 /* LICENSE in Resources */ = {isa = PBXBuildFile; fileRef = 12CFC8412EFF991100792565 /* LICENSE */; };
		12CFC91B2F0D992E00792565 /* Assets.xcassets in Resources */ = {isa = PBXBuildFile; fileRef = 126C27392EFCBA590036A687 /* Assets.xcassets */; };
		12CFC91C2F0D992E00792565 /* Base in Resources */ = {isa = PBXBuildFile; fileRef = 126C27702EFCBA590036A687 /* Base */; };
		12CFC91D2F0D992E00792565 /* LSNCycleFuncs.inl in Resources */ = {isa = PBXBuildFile; fileRef = 12CFC8DC2F0B478F00792565 /* LSNCycleFuncs.inl */; };
		12CFC91E2F0D992E00792565 /* ChangeLog.md in Resources */ = {isa = PBXBuildFile; fileRef = 12CFC8402EFF991100792565 /* ChangeLog.md */; };
		12CFC9272F0D9A2F00792565 /* ExpressionEvaluator.framework in Frameworks */ = {isa = PBXBuildFile; fileRef = 12CFC6F62EFCBF4100792565 /* ExpressionEvaluator.framework */; };
		12CFC9282F0D9A2F00792565 /* LSon.framework in Frameworks */ = {isa = PBXBuildFile; fileRef = 12CFC7C42EFF90B100792565 /* LSon.framework */; };
		12CFC92D2F0D9A3B00792565 /* ExpressionEvaluator.framework in Frameworks */ = {isa = PBXBuildFile; fileRef = 12CFC6F62EFCBF4100792565 /* ExpressionEvaluator.framework */; };
		12CFC92E2F0D9A3B00792565 /* LSon.framework in Frameworks */ = {isa = PBXBuildFile; fileRef = 12CFC7C42EFF90B100792565 /* LSon.framework */; };
		12CFC9332F0D9A4900792565 /* ExpressionEvaluator.framework in Frameworks */ = {isa = PBXBuildFile; fileRef = 12CFC6F62EFCBF4100792565 /* ExpressionEvaluator.framework */; };
		12CFC9342F0D9A4900792565 /* LSon.framework in Frameworks */ = {isa = PBXBuildFile; fileRef = 12CFC7C42EFF90B100792565 /* LSon.framework */; };
		12CFC9392F0E8C3200792565 /* LSNMacOsMain_CpuVerify.mm in Sources */ = {isa = PBXBuildFile; fileRef = 12CFC9382F0E8C3200792565 /* LSNMacOsMain_CpuVerify.mm */; };
/* End PBXBuildFile section */

/* Begin PBXContainerItemProxy section */
		12CFC6F52EFCBF4100792565 /* PBXContainerItemProxy */ = {
			isa = PBXContainerItemProxy;
			containerPortal = 12CFC6F12EFCBF4100792565 /* ExpressionEvaluator.xcodeproj */;
			proxyType = 2;
			remoteGlobalIDString = 12CFC6E72EFCBEFE00792565;
			remoteInfo = ExpressionEvaluator;
		};
		12CFC7A72EFCBF8400792565 /* PBXContainerItemProxy */ = {
			isa = PBXContainerItemProxy;
			containerPortal = 12CFC6F12EFCBF4100792565 /* ExpressionEvaluator.xcodeproj */;
			proxyType = 1;
			remoteGlobalIDString = 12CFC6E62EFCBEFE00792565;
			remoteInfo = ExpressionEvaluator;
		};
		12CFC7C32EFF90B100792565 /* PBXContainerItemProxy */ = {
			isa = PBXContainerItemProxy;
			containerPortal = 12CFC7BF2EFF90B100792565 /* LSon.xcodeproj */;
			proxyType = 2;
			remoteGlobalIDString = 12CFC7B52EFF906F00792565;
			remoteInfo = LSon;
		};
		12CFC7E02EFF912D00792565 /* PBXContainerItemProxy */ = {
			isa = PBXContainerItemProxy;
			containerPortal = 12CFC7BF2EFF90B100792565 /* LSon.xcodeproj */;
			proxyType = 1;
			remoteGlobalIDString = 12CFC7B42EFF906F00792565;
			remoteInfo = LSon;
		};
		12CFC9232F0D9A2800792565 /* PBXContainerItemProxy */ = {
			isa = PBXContainerItemProxy;
			containerPortal = 12CFC6F12EFCBF4100792565 /* ExpressionEvaluator.xcodeproj */;
			proxyType = 1;
			remoteGlobalIDString = 12CFC6E62EFCBEFE00792565;
			remoteInfo = ExpressionEvaluator;
		};
		12CFC9252F0D9A2800792565 /* PBXContainerItemProxy */ = {
			isa = PBXContainerItemProxy;
			containerPortal = 12CFC7BF2EFF90B100792565 /* LSon.xcodeproj */;
			proxyType = 1;
			remoteGlobalIDString = 12CFC7B42EFF906F00792565;
			remoteInfo = LSon;
		};
		12CFC9292F0D9A3600792565 /* PBXContainerItemProxy */ = {
			isa = PBXContainerItemProxy;
			containerPortal = 12CFC6F12EFCBF4100792565 /* ExpressionEvaluator.xcodeproj */;
			proxyType = 1;
			remoteGlobalIDString = 12CFC6E62EFCBEFE00792565;
			remoteInfo = ExpressionEvaluator;
		};
		12CFC92B2F0D9A3600792565 /* PBXContainerItemProxy */ = {
			isa = PBXContainerItemProxy;
			containerPortal = 12CFC7BF2EFF90B100792565 /* LSon.xcodeproj */;
			proxyType = 1;
			remoteGlobalIDString = 12CFC7B42EFF906F00792565;
			remoteInfo = LSon;
		};
		12CFC92F2F0D9A4200792565 /* PBXContainerItemProxy */ = {
			isa = PBXContainerItemProxy;
			containerPortal = 12CFC6F12EFCBF4100792565 /* ExpressionEvaluator.xcodeproj */;
			proxyType = 1;
			remoteGlobalIDString = 12CFC6E62EFCBEFE00792565;
			remoteInfo = ExpressionEvaluator;
		};
		12CFC9312F0D9A4200792565 /* PBXContainerItemProxy */ = {
			isa = PBXContainerItemProxy;
			containerPortal = 12CFC7BF2EFF90B100792565 /* LSon.xcodeproj */;
			proxyType = 1;
			remoteGlobalIDString = 12CFC7B42EFF906F00792565;
			remoteInfo = LSon;
		};
/* End PBXContainerItemProxy section */

/* Begin PBXFileReference section */
		126C27352EFCBA580036A687 /* Renderer.h */ = {isa = PBXFileReference; lastKnownFileType = sourcecode.c.h; path = Renderer.h; sourceTree = "<group>"; };
		126C27362EFCBA580036A687 /* Renderer.m */ = {isa = PBXFileReference; lastKnownFileType = sourcecode.c.objc; path = Renderer.m; sourceTree = "<group>"; };
		126C27372EFCBA580036A687 /* ShaderTypes.h */ = {isa = PBXFileReference; lastKnownFileType = sourcecode.c.h; path = ShaderTypes.h; sourceTree = "<group>"; };
		126C27382EFCBA580036A687 /* Shaders.metal */ = {isa = PBXFileReference; lastKnownFileType = sourcecode.metal; path = Shaders.metal; sourceTree = "<group>"; };
		126C27392EFCBA590036A687 /* Assets.xcassets */ = {isa = PBXFileReference; lastKnownFileType = folder.assetcatalog; path = Assets.xcassets; sourceTree = "<group>"; };
		126C273E2EFCBA590036A687 /* BirdSNES.app */ = {isa = PBXFileReference; explicitFileType = wrapper.application; includeInIndex = 0; path = BirdSNES.app; sourceTree = BUILT_PRODUCTS_DIR; };
		126C27412EFCBA590036A687 /* AppDelegate.h */ = {isa = PBXFileReference; lastKnownFileType = sourcecode.c.h; path = AppDelegate.h; sourceTree = "<group>"; };
		126C27422EFCBA590036A687 /* AppDelegate.m */ = {isa = PBXFileReference; lastKnownFileType = sourcecode.c.objc; path = AppDelegate.m; sourceTree = "<group>"; };
		126C27442EFCBA590036A687 /* GameViewController.h */ = {isa = PBXFileReference; lastKnownFileType = sourcecode.c.h; path = GameViewController.h; sourceTree = "<group>"; };
		126C27452EFCBA590036A687 /* GameViewController.m */ = {isa = PBXFileReference; lastKnownFileType = sourcecode.c.objc; path = GameViewController.m; sourceTree = "<group>"; };
		126C27482EFCBA590036A687 /* Base */ = {isa = PBXFileReference; lastKnownFileType = file.storyboard; name = Base; path = Base.lproj/Main.storyboard; sourceTree = "<group>"; };
		126C274B2EFCBA590036A687 /* Base */ = {isa = PBXFileReference; lastKnownFileType = file.storyboard; name = Base; path = Base.lproj/LaunchScreen.storyboard; sourceTree = "<group>"; };
		126C274D2EFCBA590036A687 /* main.m */ = {isa = PBXFileReference; lastKnownFileType = sourcecode.c.objc; path = main.m; sourceTree = "<group>"; };
		126C27532EFCBA590036A687 /* BirdSNES.app */ = {isa = PBXFileReference; explicitFileType = wrapper.application; includeInIndex = 0; path = BirdSNES.app; sourceTree = BUILT_PRODUCTS_DIR; };
		126C27552EFCBA590036A687 /* AppDelegate.h */ = {isa = PBXFileReference; lastKnownFileType = sourcecode.c.h; path = AppDelegate.h; sourceTree = "<group>"; };
		126C27562EFCBA590036A687 /* AppDelegate.m */ = {isa = PBXFileReference; lastKnownFileType = sourcecode.c.objc; path = AppDelegate.m; sourceTree = "<group>"; };
		126C27582EFCBA590036A687 /* GameViewController.h */ = {isa = PBXFileReference; lastKnownFileType = sourcecode.c.h; path = GameViewController.h; sourceTree = "<group>"; };
		126C27592EFCBA590036A687 /* GameViewController.m */ = {isa = PBXFileReference; lastKnownFileType = sourcecode.c.objc; path = GameViewController.m; sourceTree = "<group>"; };
		126C275C2EFCBA590036A687 /* Base */ = {isa = PBXFileReference; lastKnownFileType = file.storyboard; name = Base; path = Base.lproj/Main.storyboard; sourceTree = "<group>"; };
		126C275F2EFCBA590036A687 /* Base */ = {isa = PBXFileReference; lastKnownFileType = file.storyboard; name = Base; path = Base.lproj/LaunchScreen.storyboard; sourceTree = "<group>"; };
		126C27612EFCBA590036A687 /* main.m */ = {isa = PBXFileReference; lastKnownFileType = sourcecode.c.objc; path = main.m; sourceTree = "<group>"; };
		126C27672EFCBA590036A687 /* BirdSNES.app */ = {isa = PBXFileReference; explicitFileType = wrapper.application; includeInIndex = 0; path = BirdSNES.app; sourceTree = BUILT_PRODUCTS_DIR; };
		126C27692EFCBA590036A687 /* AppDelegate.h */ = {isa = PBXFileReference; lastKnownFileType = sourcecode.c.h; path = AppDelegate.h; sourceTree = "<group>"; };
		126C276A2EFCBA590036A687 /* AppDelegate.m */ = {isa = PBXFileReference; lastKnownFileType = sourcecode.c.objc; path = AppDelegate.m; sourceTree = "<group>"; };
		126C276C2EFCBA590036A687 /* GameViewController.h */ = {isa = PBXFileReference; lastKnownFileType = sourcecode.c.h; path = GameViewController.h; sourceTree = "<group>"; };
		126C276D2EFCBA590036A687 /* GameViewController.m */ = {isa = PBXFileReference; lastKnownFileType = sourcecode.c.objc; path = GameViewController.m; sourceTree = "<group>"; };
		126C27702EFCBA590036A687 /* Base */ = {isa = PBXFileReference; lastKnownFileType = file.storyboard; name = Base; path = Base.lproj/Main.storyboard; sourceTree = "<group>"; };
		126C27722EFCBA590036A687 /* main.m */ = {isa = PBXFileReference; lastKnownFileType = sourcecode.c.objc; path = main.m; sourceTree = "<group>"; };
		126C27742EFCBA590036A687 /* BirdSNES_macOS.entitlements */ = {isa = PBXFileReference; lastKnownFileType = text.plist.entitlements; path = BirdSNES_macOS.entitlements; sourceTree = "<group>"; };
		12CFC6F12EFCBF4100792565 /* ExpressionEvaluator.xcodeproj */ = {isa = PBXFileReference; lastKnownFileType = "wrapper.pb-project"; name = ExpressionEvaluator.xcodeproj; path = Libraries/ExpressionEvaluator/ExpressionEvaluator.xcodeproj; sourceTree = "<group>"; };
		12CFC7BF2EFF90B100792565 /* LSon.xcodeproj */ = {isa = PBXFileReference; lastKnownFileType = "wrapper.pb-project"; name = LSon.xcodeproj; path = Libraries/LSon/LSon.xcodeproj; sourceTree = "<group>"; };
		12CFC8042EFF991100792565 /* LSNAlignmentAllocator.h */ = {isa = PBXFileReference; fileEncoding = 4; lastKnownFileType = sourcecode.c.h; path = LSNAlignmentAllocator.h; sourceTree = "<group>"; };
		12CFC8052EFF991100792565 /* LSNBits.h */ = {isa = PBXFileReference; fileEncoding = 4; lastKnownFileType = sourcecode.c.h; path = LSNBits.h; sourceTree = "<group>"; };
		12CFC8062EFF991100792565 /* LSNFeatureSet.cpp */ = {isa = PBXFileReference; fileEncoding = 4; lastKnownFileType = sourcecode.cpp.cpp; path = LSNFeatureSet.cpp; sourceTree = "<group>"; };
		12CFC8072EFF991100792565 /* LSNFeatureSet.h */ = {isa = PBXFileReference; fileEncoding = 4; lastKnownFileType = sourcecode.c.h; path = LSNFeatureSet.h; sourceTree = "<group>"; };
		12CFC8082EFF991100792565 /* LSNMacros.h */ = {isa = PBXFileReference; fileEncoding = 4; lastKnownFileType = sourcecode.c.h; path = LSNMacros.h; sourceTree = "<group>"; };
		12CFC80A2EFF991100792565 /* LSNFileBase.cpp */ = {isa = PBXFileReference; fileEncoding = 4; lastKnownFileType = sourcecode.cpp.cpp; path = LSNFileBase.cpp; sourceTree = "<group>"; };
		12CFC80B2EFF991100792565 /* LSNFileBase.h */ = {isa = PBXFileReference; fileEncoding = 4; lastKnownFileType = sourcecode.c.h; path = LSNFileBase.h; sourceTree = "<group>"; };
		12CFC80C2EFF991100792565 /* LSNFileMap.cpp */ = {isa = PBXFileReference; fileEncoding = 4; lastKnownFileType = sourcecode.cpp.cpp; path = LSNFileMap.cpp; sourceTree = "<group>"; };
		12CFC80D2EFF991100792565 /* LSNFileMap.h */ = {isa = PBXFileReference; fileEncoding = 4; lastKnownFileType = sourcecode.c.h; path = LSNFileMap.h; sourceTree = "<group>"; };
		12CFC8102EFF991100792565 /* LSNStdFile.cpp */ = {isa = PBXFileReference; fileEncoding = 4; lastKnownFileType = sourcecode.cpp.cpp; path = LSNStdFile.cpp; sourceTree = "<group>"; };
		12CFC8112EFF991100792565 /* LSNStdFile.h */ = {isa = PBXFileReference; fileEncoding = 4; lastKnownFileType = sourcecode.c.h; path = LSNStdFile.h; sourceTree = "<group>"; };
		12CFC8122EFF991100792565 /* LSNZipFile.cpp */ = {isa = PBXFileReference; fileEncoding = 4; lastKnownFileType = sourcecode.cpp.cpp; path = LSNZipFile.cpp; sourceTree = "<group>"; };
		12CFC8132EFF991100792565 /* LSNZipFile.h */ = {isa = PBXFileReference; fileEncoding = 4; lastKnownFileType = sourcecode.c.h; path = LSNZipFile.h; sourceTree = "<group>"; };
		12CFC8152EFF991100792565 /* LSNCrc.cpp */ = {isa = PBXFileReference; fileEncoding = 4; lastKnownFileType = sourcecode.cpp.cpp; path = LSNCrc.cpp; sourceTree = "<group>"; };
		12CFC8162EFF991100792565 /* LSNCrc.h */ = {isa = PBXFileReference; fileEncoding = 4; lastKnownFileType = sourcecode.c.h; path = LSNCrc.h; sourceTree = "<group>"; };
		12CFC8172EFF991100792565 /* LSNTimer.h */ = {isa = PBXFileReference; fileEncoding = 4; lastKnownFileType = sourcecode.c.h; path = LSNTimer.h; sourceTree = "<group>"; };
		12CFC8182EFF991100792565 /* LSNUtilities.cpp */ = {isa = PBXFileReference; fileEncoding = 4; lastKnownFileType = sourcecode.cpp.cpp; path = LSNUtilities.cpp; sourceTree = "<group>"; };
		12CFC8192EFF991100792565 /* LSNUtilities.h */ = {isa = PBXFileReference; fileEncoding = 4; lastKnownFileType = sourcecode.c.h; path = LSNUtilities.h; sourceTree = "<group>"; };
		12CFC8402EFF991100792565 /* ChangeLog.md */ = {isa = PBXFileReference; fileEncoding = 4; lastKnownFileType = net.daringfireball.markdown; path = ChangeLog.md; sourceTree = "<group>"; };
		12CFC8412EFF991100792565 /* LICENSE */ = {isa = PBXFileReference; fileEncoding = 4; lastKnownFileType = text; path = LICENSE; sourceTree = "<group>"; };
		12CFC8422EFF991100792565 /* miniz.c */ = {isa = PBXFileReference; fileEncoding = 4; lastKnownFileType = sourcecode.c.c; path = miniz.c; sourceTree = "<group>"; };
		12CFC8432EFF991100792565 /* miniz.h */ = {isa = PBXFileReference; fileEncoding = 4; lastKnownFileType = sourcecode.c.h; path = miniz.h; sourceTree = "<group>"; };
		12CFC8442EFF991100792565 /* readme.md */ = {isa = PBXFileReference; fileEncoding = 4; lastKnownFileType = net.daringfireball.markdown; path = readme.md; sourceTree = "<group>"; };
		12CFC8BF2F001F5000792565 /* LSNErrorEnum.inl */ = {isa = PBXFileReference; fileEncoding = 4; lastKnownFileType = text; path = LSNErrorEnum.inl; sourceTree = "<group>"; };
		12CFC8C02F001F5000792565 /* LSNErrors.h */ = {isa = PBXFileReference; fileEncoding = 4; lastKnownFileType = sourcecode.c.h; path = LSNErrors.h; sourceTree = "<group>"; };
		12CFC8C52F0153BB00792565 /* LSNApple.h */ = {isa = PBXFileReference; fileEncoding = 4; lastKnownFileType = sourcecode.c.h; path = LSNApple.h; sourceTree = "<group>"; };
		12CFC8C62F0153BB00792565 /* LSNOs.h */ = {isa = PBXFileReference; fileEncoding = 4; lastKnownFileType = sourcecode.c.h; path = LSNOs.h; sourceTree = "<group>"; };
		12CFC8C72F0153BB00792565 /* LSNWindows.h */ = {isa = PBXFileReference; fileEncoding = 4; lastKnownFileType = sourcecode.c.h; path = LSNWindows.h; sourceTree = "<group>"; };
		12CFC8C92F0153BB00792565 /* LSNStrings.h */ = {isa = PBXFileReference; fileEncoding = 4; lastKnownFileType = sourcecode.c.h; path = LSNStrings.h; sourceTree = "<group>"; };
		12CFC8CA2F0153BB00792565 /* LSNStringsEnum.inl */ = {isa = PBXFileReference; fileEncoding = 4; lastKnownFileType = text; path = LSNStringsEnum.inl; sourceTree = "<group>"; };
		12CFC8CC2F0153BB00792565 /* LSNBusA.h */ = {isa = PBXFileReference; fileEncoding = 4; lastKnownFileType = sourcecode.c.h; path = LSNBusA.h; sourceTree = "<group>"; };
		12CFC8DC2F0B478F00792565 /* LSNCycleFuncs.inl */ = {isa = PBXFileReference; fileEncoding = 4; lastKnownFileType = text; path = LSNCycleFuncs.inl; sourceTree = "<group>"; };
		12CFC8DD2F0B478F00792565 /* LSNRicoh5A22.cpp */ = {isa = PBXFileReference; fileEncoding = 4; lastKnownFileType = sourcecode.cpp.cpp; path = LSNRicoh5A22.cpp; sourceTree = "<group>"; };
		12CFC8DE2F0B478F00792565 /* LSNRicoh5A22.h */ = {isa = PBXFileReference; fileEncoding = 4; lastKnownFileType = sourcecode.c.h; path = LSNRicoh5A22.h; sourceTree = "<group>"; };
		12CFC8DF2F0B478F00792565 /* LSNRicoh5A22Base.h */ = {isa = PBXFileReference; fileEncoding = 4; lastKnownFileType = sourcecode.c.h; path = LSNRicoh5A22Base.h; sourceTree = "<group>"; };
		12CFC9222F0D992E00792565 /* BirdSNES macOS CPU Vfy.app */ = {isa = PBXFileReference; explicitFileType = wrapper.application; includeInIndex = 0; path = "BirdSNES macOS CPU Vfy.app"; sourceTree = BUILT_PRODUCTS_DIR; };
		12CFC9372F0E87E100792565 /* LSNBirdSNES.h */ = {isa = PBXFileReference; fileEncoding = 4; lastKnownFileType = sourcecode.c.h; name = LSNBirdSNES.h; path = Src/LSNBirdSNES.h; sourceTree = SOURCE_ROOT; };
		12CFC9382F0E8C3200792565 /* LSNMacOsMain_CpuVerify.mm */ = {isa = PBXFileReference; fileEncoding = 4; lastKnownFileType = sourcecode.cpp.objcpp; name = LSNMacOsMain_CpuVerify.mm; path = Src/LSNMacOsMain_CpuVerify.mm; sourceTree = SOURCE_ROOT; };
/* End PBXFileReference section */

/* Begin PBXFrameworksBuildPhase section */
		126C273B2EFCBA590036A687 /* Frameworks */ = {
			isa = PBXFrameworksBuildPhase;
			buildActionMask = 2147483647;
			files = (
				12CFC7E22EFF913300792565 /* LSon.framework in Frameworks */,
				12CFC7AA2EFCBF9B00792565 /* ExpressionEvaluator.framework in Frameworks */,
			);
			runOnlyForDeploymentPostprocessing = 0;
		};
		126C27502EFCBA590036A687 /* Frameworks */ = {
			isa = PBXFrameworksBuildPhase;
			buildActionMask = 2147483647;
			files = (
				12CFC9272F0D9A2F00792565 /* ExpressionEvaluator.framework in Frameworks */,
				12CFC9282F0D9A2F00792565 /* LSon.framework in Frameworks */,
			);
			runOnlyForDeploymentPostprocessing = 0;
		};
		126C27642EFCBA590036A687 /* Frameworks */ = {
			isa = PBXFrameworksBuildPhase;
			buildActionMask = 2147483647;
			files = (
				12CFC92D2F0D9A3B00792565 /* ExpressionEvaluator.framework in Frameworks */,
				12CFC92E2F0D9A3B00792565 /* LSon.framework in Frameworks */,
			);
			runOnlyForDeploymentPostprocessing = 0;
		};
		12CFC9152F0D992E00792565 /* Frameworks */ = {
			isa = PBXFrameworksBuildPhase;
			buildActionMask = 2147483647;
			files = (
				12CFC9332F0D9A4900792565 /* ExpressionEvaluator.framework in Frameworks */,
				12CFC9342F0D9A4900792565 /* LSon.framework in Frameworks */,
			);
			runOnlyForDeploymentPostprocessing = 0;
		};
/* End PBXFrameworksBuildPhase section */

/* Begin PBXGroup section */
		126C272F2EFCBA570036A687 = {
			isa = PBXGroup;
			children = (
				12CFC6F12EFCBF4100792565 /* ExpressionEvaluator.xcodeproj */,
				12CFC7BF2EFF90B100792565 /* LSon.xcodeproj */,
				126C27342EFCBA580036A687 /* BirdSNES Shared */,
				126C27402EFCBA590036A687 /* BirdSNES iOS */,
				126C27542EFCBA590036A687 /* BirdSNES tvOS */,
				126C27682EFCBA590036A687 /* BirdSNES macOS */,
				126C273F2EFCBA590036A687 /* Products */,
				12CFC7A92EFCBF9B00792565 /* Frameworks */,
			);
			sourceTree = "<group>";
		};
		126C27342EFCBA580036A687 /* BirdSNES Shared */ = {
			isa = PBXGroup;
			children = (
				12CFC8CD2F0153BB00792565 /* Bus */,
				12CFC8462EFF991100792565 /* Compression */,
				12CFC8E02F0B478F00792565 /* CPU */,
				12CFC8C12F001F5000792565 /* Errors */,
				12CFC8142EFF991100792565 /* Files */,
				12CFC8092EFF991100792565 /* Foundation */,
				12CFC8C82F0153BB00792565 /* OS */,
				12CFC8CB2F0153BB00792565 /* Strings */,
				12CFC81A2EFF991100792565 /* Utilities */,
				12CFC9372F0E87E100792565 /* LSNBirdSNES.h */,
				126C27352EFCBA580036A687 /* Renderer.h */,
				126C27362EFCBA580036A687 /* Renderer.m */,
				126C27372EFCBA580036A687 /* ShaderTypes.h */,
				126C27382EFCBA580036A687 /* Shaders.metal */,
				126C27392EFCBA590036A687 /* Assets.xcassets */,
			);
			path = "BirdSNES Shared";
			sourceTree = "<group>";
		};
		126C273F2EFCBA590036A687 /* Products */ = {
			isa = PBXGroup;
			children = (
				126C273E2EFCBA590036A687 /* BirdSNES.app */,
				126C27532EFCBA590036A687 /* BirdSNES.app */,
				126C27672EFCBA590036A687 /* BirdSNES.app */,
				12CFC9222F0D992E00792565 /* BirdSNES macOS CPU Vfy.app */,
			);
			name = Products;
			sourceTree = "<group>";
		};
		126C27402EFCBA590036A687 /* BirdSNES iOS */ = {
			isa = PBXGroup;
			children = (
				126C27412EFCBA590036A687 /* AppDelegate.h */,
				126C27422EFCBA590036A687 /* AppDelegate.m */,
				126C27442EFCBA590036A687 /* GameViewController.h */,
				126C27452EFCBA590036A687 /* GameViewController.m */,
				126C27472EFCBA590036A687 /* Main.storyboard */,
				126C274A2EFCBA590036A687 /* LaunchScreen.storyboard */,
				126C274D2EFCBA590036A687 /* main.m */,
			);
			path = "BirdSNES iOS";
			sourceTree = "<group>";
		};
		126C27542EFCBA590036A687 /* BirdSNES tvOS */ = {
			isa = PBXGroup;
			children = (
				126C27552EFCBA590036A687 /* AppDelegate.h */,
				126C27562EFCBA590036A687 /* AppDelegate.m */,
				126C27582EFCBA590036A687 /* GameViewController.h */,
				126C27592EFCBA590036A687 /* GameViewController.m */,
				126C275B2EFCBA590036A687 /* Main.storyboard */,
				126C275E2EFCBA590036A687 /* LaunchScreen.storyboard */,
				126C27612EFCBA590036A687 /* main.m */,
			);
			path = "BirdSNES tvOS";
			sourceTree = "<group>";
		};
		126C27682EFCBA590036A687 /* BirdSNES macOS */ = {
			isa = PBXGroup;
			children = (
				12CFC9382F0E8C3200792565 /* LSNMacOsMain_CpuVerify.mm */,
				126C27692EFCBA590036A687 /* AppDelegate.h */,
				126C276A2EFCBA590036A687 /* AppDelegate.m */,
				126C276C2EFCBA590036A687 /* GameViewController.h */,
				126C276D2EFCBA590036A687 /* GameViewController.m */,
				126C276F2EFCBA590036A687 /* Main.storyboard */,
				126C27722EFCBA590036A687 /* main.m */,
				126C27742EFCBA590036A687 /* BirdSNES_macOS.entitlements */,
			);
			path = "BirdSNES macOS";
			sourceTree = "<group>";
		};
		12CFC6F22EFCBF4100792565 /* Products */ = {
			isa = PBXGroup;
			children = (
				12CFC6F62EFCBF4100792565 /* ExpressionEvaluator.framework */,
			);
			name = Products;
			sourceTree = "<group>";
		};
		12CFC7A92EFCBF9B00792565 /* Frameworks */ = {
			isa = PBXGroup;
			children = (
			);
			name = Frameworks;
			sourceTree = "<group>";
		};
		12CFC7C02EFF90B100792565 /* Products */ = {
			isa = PBXGroup;
			children = (
				12CFC7C42EFF90B100792565 /* LSon.framework */,
			);
			name = Products;
			sourceTree = "<group>";
		};
		12CFC8092EFF991100792565 /* Foundation */ = {
			isa = PBXGroup;
			children = (
				12CFC8042EFF991100792565 /* LSNAlignmentAllocator.h */,
				12CFC8052EFF991100792565 /* LSNBits.h */,
				12CFC8062EFF991100792565 /* LSNFeatureSet.cpp */,
				12CFC8072EFF991100792565 /* LSNFeatureSet.h */,
				12CFC8082EFF991100792565 /* LSNMacros.h */,
			);
			name = Foundation;
			path = Src/Foundation;
			sourceTree = SOURCE_ROOT;
		};
		12CFC8142EFF991100792565 /* Files */ = {
			isa = PBXGroup;
			children = (
				12CFC80A2EFF991100792565 /* LSNFileBase.cpp */,
				12CFC80B2EFF991100792565 /* LSNFileBase.h */,
				12CFC80C2EFF991100792565 /* LSNFileMap.cpp */,
				12CFC80D2EFF991100792565 /* LSNFileMap.h */,
				12CFC8102EFF991100792565 /* LSNStdFile.cpp */,
				12CFC8112EFF991100792565 /* LSNStdFile.h */,
				12CFC8122EFF991100792565 /* LSNZipFile.cpp */,
				12CFC8132EFF991100792565 /* LSNZipFile.h */,
			);
			name = Files;
			path = Src/Files;
			sourceTree = SOURCE_ROOT;
		};
		12CFC81A2EFF991100792565 /* Utilities */ = {
			isa = PBXGroup;
			children = (
				12CFC8152EFF991100792565 /* LSNCrc.cpp */,
				12CFC8162EFF991100792565 /* LSNCrc.h */,
				12CFC8172EFF991100792565 /* LSNTimer.h */,
				12CFC8182EFF991100792565 /* LSNUtilities.cpp */,
				12CFC8192EFF991100792565 /* LSNUtilities.h */,
			);
			name = Utilities;
			path = Src/Utilities;
			sourceTree = SOURCE_ROOT;
		};
		12CFC8452EFF991100792565 /* MiniZ */ = {
			isa = PBXGroup;
			children = (
				12CFC8402EFF991100792565 /* ChangeLog.md */,
				12CFC8412EFF991100792565 /* LICENSE */,
				12CFC8422EFF991100792565 /* miniz.c */,
				12CFC8432EFF991100792565 /* miniz.h */,
				12CFC8442EFF991100792565 /* readme.md */,
			);
			path = MiniZ;
			sourceTree = "<group>";
		};
		12CFC8462EFF991100792565 /* Compression */ = {
			isa = PBXGroup;
			children = (
				12CFC8452EFF991100792565 /* MiniZ */,
			);
			name = Compression;
			path = Src/Compression;
			sourceTree = SOURCE_ROOT;
		};
		12CFC8C12F001F5000792565 /* Errors */ = {
			isa = PBXGroup;
			children = (
				12CFC8BF2F001F5000792565 /* LSNErrorEnum.inl */,
				12CFC8C02F001F5000792565 /* LSNErrors.h */,
			);
			name = Errors;
			path = Src/Errors;
			sourceTree = SOURCE_ROOT;
		};
		12CFC8C82F0153BB00792565 /* OS */ = {
			isa = PBXGroup;
			children = (
				12CFC8C52F0153BB00792565 /* LSNApple.h */,
				12CFC8C62F0153BB00792565 /* LSNOs.h */,
				12CFC8C72F0153BB00792565 /* LSNWindows.h */,
			);
			name = OS;
			path = Src/OS;
			sourceTree = SOURCE_ROOT;
		};
		12CFC8CB2F0153BB00792565 /* Strings */ = {
			isa = PBXGroup;
			children = (
				12CFC8C92F0153BB00792565 /* LSNStrings.h */,
				12CFC8CA2F0153BB00792565 /* LSNStringsEnum.inl */,
			);
			name = Strings;
			path = Src/Strings;
			sourceTree = SOURCE_ROOT;
		};
		12CFC8CD2F0153BB00792565 /* Bus */ = {
			isa = PBXGroup;
			children = (
				12CFC8CC2F0153BB00792565 /* LSNBusA.h */,
			);
			name = Bus;
			path = Src/Bus;
			sourceTree = SOURCE_ROOT;
		};
		12CFC8E02F0B478F00792565 /* CPU */ = {
			isa = PBXGroup;
			children = (
				12CFC8DC2F0B478F00792565 /* LSNCycleFuncs.inl */,
				12CFC8DD2F0B478F00792565 /* LSNRicoh5A22.cpp */,
				12CFC8DE2F0B478F00792565 /* LSNRicoh5A22.h */,
				12CFC8DF2F0B478F00792565 /* LSNRicoh5A22Base.h */,
			);
			name = CPU;
			path = Src/CPU;
			sourceTree = SOURCE_ROOT;
		};
/* End PBXGroup section */

/* Begin PBXNativeTarget section */
		126C273D2EFCBA590036A687 /* BirdSNES iOS */ = {
			isa = PBXNativeTarget;
			buildConfigurationList = 126C27802EFCBA590036A687 /* Build configuration list for PBXNativeTarget "BirdSNES iOS" */;
			buildPhases = (
				126C273A2EFCBA590036A687 /* Sources */,
				126C273B2EFCBA590036A687 /* Frameworks */,
				126C273C2EFCBA590036A687 /* Resources */,
			);
			buildRules = (
			);
			dependencies = (
				12CFC7E12EFF912D00792565 /* PBXTargetDependency */,
				12CFC7A82EFCBF8400792565 /* PBXTargetDependency */,
			);
			name = "BirdSNES iOS";
			productName = "BirdSNES iOS";
			productReference = 126C273E2EFCBA590036A687 /* BirdSNES.app */;
			productType = "com.apple.product-type.application";
		};
		126C27522EFCBA590036A687 /* BirdSNES tvOS */ = {
			isa = PBXNativeTarget;
			buildConfigurationList = 126C27832EFCBA590036A687 /* Build configuration list for PBXNativeTarget "BirdSNES tvOS" */;
			buildPhases = (
				126C274F2EFCBA590036A687 /* Sources */,
				126C27502EFCBA590036A687 /* Frameworks */,
				126C27512EFCBA590036A687 /* Resources */,
			);
			buildRules = (
			);
			dependencies = (
				12CFC9242F0D9A2800792565 /* PBXTargetDependency */,
				12CFC9262F0D9A2800792565 /* PBXTargetDependency */,
			);
			name = "BirdSNES tvOS";
			productName = "BirdSNES tvOS";
			productReference = 126C27532EFCBA590036A687 /* BirdSNES.app */;
			productType = "com.apple.product-type.application";
		};
		126C27662EFCBA590036A687 /* BirdSNES macOS */ = {
			isa = PBXNativeTarget;
			buildConfigurationList = 126C27862EFCBA590036A687 /* Build configuration list for PBXNativeTarget "BirdSNES macOS" */;
			buildPhases = (
				126C27632EFCBA590036A687 /* Sources */,
				126C27642EFCBA590036A687 /* Frameworks */,
				126C27652EFCBA590036A687 /* Resources */,
			);
			buildRules = (
			);
			dependencies = (
				12CFC92A2F0D9A3600792565 /* PBXTargetDependency */,
				12CFC92C2F0D9A3600792565 /* PBXTargetDependency */,
			);
			name = "BirdSNES macOS";
			productName = "BirdSNES macOS";
			productReference = 126C27672EFCBA590036A687 /* BirdSNES.app */;
			productType = "com.apple.product-type.application";
		};
		12CFC9052F0D992E00792565 /* BirdSNES macOS CPU Vfy */ = {
			isa = PBXNativeTarget;
			buildConfigurationList = 12CFC91F2F0D992E00792565 /* Build configuration list for PBXNativeTarget "BirdSNES macOS CPU Vfy" */;
			buildPhases = (
				12CFC9062F0D992E00792565 /* Sources */,
				12CFC9152F0D992E00792565 /* Frameworks */,
				12CFC9162F0D992E00792565 /* Resources */,
			);
			buildRules = (
			);
			dependencies = (
				12CFC9302F0D9A4200792565 /* PBXTargetDependency */,
				12CFC9322F0D9A4200792565 /* PBXTargetDependency */,
			);
			name = "BirdSNES macOS CPU Vfy";
			productName = "BirdSNES macOS";
			productReference = 12CFC9222F0D992E00792565 /* BirdSNES macOS CPU Vfy.app */;
			productType = "com.apple.product-type.application";
		};
/* End PBXNativeTarget section */

/* Begin PBXProject section */
		126C27302EFCBA570036A687 /* Project object */ = {
			isa = PBXProject;
			attributes = {
				BuildIndependentTargetsInParallel = 1;
				LastUpgradeCheck = 1530;
				TargetAttributes = {
					126C273D2EFCBA590036A687 = {
						CreatedOnToolsVersion = 15.3;
					};
					126C27522EFCBA590036A687 = {
						CreatedOnToolsVersion = 15.3;
					};
					126C27662EFCBA590036A687 = {
						CreatedOnToolsVersion = 15.3;
					};
				};
			};
			buildConfigurationList = 126C27332EFCBA570036A687 /* Build configuration list for PBXProject "BirdSNES" */;
			compatibilityVersion = "Xcode 14.0";
			developmentRegion = en;
			hasScannedForEncodings = 0;
			knownRegions = (
				en,
				Base,
			);
			mainGroup = 126C272F2EFCBA570036A687;
			productRefGroup = 126C273F2EFCBA590036A687 /* Products */;
			projectDirPath = "";
			projectReferences = (
				{
					ProductGroup = 12CFC6F22EFCBF4100792565 /* Products */;
					ProjectRef = 12CFC6F12EFCBF4100792565 /* ExpressionEvaluator.xcodeproj */;
				},
				{
					ProductGroup = 12CFC7C02EFF90B100792565 /* Products */;
					ProjectRef = 12CFC7BF2EFF90B100792565 /* LSon.xcodeproj */;
				},
			);
			projectRoot = "";
			targets = (
				126C273D2EFCBA590036A687 /* BirdSNES iOS */,
				126C27522EFCBA590036A687 /* BirdSNES tvOS */,
				126C27662EFCBA590036A687 /* BirdSNES macOS */,
				12CFC9052F0D992E00792565 /* BirdSNES macOS CPU Vfy */,
			);
		};
/* End PBXProject section */

/* Begin PBXReferenceProxy section */
		12CFC6F62EFCBF4100792565 /* ExpressionEvaluator.framework */ = {
			isa = PBXReferenceProxy;
			fileType = wrapper.framework;
			path = ExpressionEvaluator.framework;
			remoteRef = 12CFC6F52EFCBF4100792565 /* PBXContainerItemProxy */;
			sourceTree = BUILT_PRODUCTS_DIR;
		};
		12CFC7C42EFF90B100792565 /* LSon.framework */ = {
			isa = PBXReferenceProxy;
			fileType = wrapper.framework;
			path = LSon.framework;
			remoteRef = 12CFC7C32EFF90B100792565 /* PBXContainerItemProxy */;
			sourceTree = BUILT_PRODUCTS_DIR;
		};
/* End PBXReferenceProxy section */

/* Begin PBXResourcesBuildPhase section */
		126C273C2EFCBA590036A687 /* Resources */ = {
			isa = PBXResourcesBuildPhase;
			buildActionMask = 2147483647;
			files = (
				126C27492EFCBA590036A687 /* Base in Resources */,
				126C277B2EFCBA590036A687 /* Assets.xcassets in Resources */,
				126C274C2EFCBA590036A687 /* Base in Resources */,
				12CFC8B62EFF991100792565 /* LICENSE in Resources */,
				12CFC8B32EFF991100792565 /* ChangeLog.md in Resources */,
				12CFC8C22F001F5000792565 /* LSNErrorEnum.inl in Resources */,
				12CFC8E12F0B478F00792565 /* LSNCycleFuncs.inl in Resources */,
				12CFC8BC2EFF991100792565 /* readme.md in Resources */,
				12CFC8CE2F0153BB00792565 /* LSNStringsEnum.inl in Resources */,
			);
			runOnlyForDeploymentPostprocessing = 0;
		};
		126C27512EFCBA590036A687 /* Resources */ = {
			isa = PBXResourcesBuildPhase;
			buildActionMask = 2147483647;
			files = (
				126C275D2EFCBA590036A687 /* Base in Resources */,
				126C277C2EFCBA590036A687 /* Assets.xcassets in Resources */,
				126C27602EFCBA590036A687 /* Base in Resources */,
				12CFC8B72EFF991100792565 /* LICENSE in Resources */,
				12CFC8B42EFF991100792565 /* ChangeLog.md in Resources */,
				12CFC8C32F001F5000792565 /* LSNErrorEnum.inl in Resources */,
				12CFC8E22F0B478F00792565 /* LSNCycleFuncs.inl in Resources */,
				12CFC8BD2EFF991100792565 /* readme.md in Resources */,
				12CFC8CF2F0153BB00792565 /* LSNStringsEnum.inl in Resources */,
			);
			runOnlyForDeploymentPostprocessing = 0;
		};
		126C27652EFCBA590036A687 /* Resources */ = {
			isa = PBXResourcesBuildPhase;
			buildActionMask = 2147483647;
			files = (
				12CFC8D02F0153BB00792565 /* LSNStringsEnum.inl in Resources */,
				12CFC8BE2EFF991100792565 /* readme.md in Resources */,
				12CFC8C42F001F5000792565 /* LSNErrorEnum.inl in Resources */,
				12CFC8B82EFF991100792565 /* LICENSE in Resources */,
				126C277D2EFCBA590036A687 /* Assets.xcassets in Resources */,
				126C27712EFCBA590036A687 /* Base in Resources */,
				12CFC8E32F0B478F00792565 /* LSNCycleFuncs.inl in Resources */,
				12CFC8B52EFF991100792565 /* ChangeLog.md in Resources */,
			);
			runOnlyForDeploymentPostprocessing = 0;
		};
		12CFC9162F0D992E00792565 /* Resources */ = {
			isa = PBXResourcesBuildPhase;
			buildActionMask = 2147483647;
			files = (
				12CFC9172F0D992E00792565 /* LSNStringsEnum.inl in Resources */,
				12CFC9182F0D992E00792565 /* readme.md in Resources */,
				12CFC9192F0D992E00792565 /* LSNErrorEnum.inl in Resources */,
				12CFC91A2F0D992E00792565 /* LICENSE in Resources */,
				12CFC91B2F0D992E00792565 /* Assets.xcassets in Resources */,
				12CFC91C2F0D992E00792565 /* Base in Resources */,
				12CFC91D2F0D992E00792565 /* LSNCycleFuncs.inl in Resources */,
				12CFC91E2F0D992E00792565 /* ChangeLog.md in Resources */,
			);
			runOnlyForDeploymentPostprocessing = 0;
		};
/* End PBXResourcesBuildPhase section */

/* Begin PBXSourcesBuildPhase section */
		126C273A2EFCBA590036A687 /* Sources */ = {
			isa = PBXSourcesBuildPhase;
			buildActionMask = 2147483647;
			files = (
				12CFC8652EFF991100792565 /* LSNCrc.cpp in Sources */,
				12CFC8562EFF991100792565 /* LSNFileBase.cpp in Sources */,
				12CFC85F2EFF991100792565 /* LSNStdFile.cpp in Sources */,
				12CFC8682EFF991100792565 /* LSNUtilities.cpp in Sources */,
				126C27752EFCBA590036A687 /* Renderer.m in Sources */,
				126C27462EFCBA590036A687 /* GameViewController.m in Sources */,
				126C274E2EFCBA590036A687 /* main.m in Sources */,
				12CFC8622EFF991100792565 /* LSNZipFile.cpp in Sources */,
				126C27432EFCBA590036A687 /* AppDelegate.m in Sources */,
				12CFC8E42F0B478F00792565 /* LSNRicoh5A22.cpp in Sources */,
				126C27782EFCBA590036A687 /* Shaders.metal in Sources */,
				12CFC8B92EFF991100792565 /* miniz.c in Sources */,
				12CFC8532EFF991100792565 /* LSNFeatureSet.cpp in Sources */,
				12CFC8592EFF991100792565 /* LSNFileMap.cpp in Sources */,
			);
			runOnlyForDeploymentPostprocessing = 0;
		};
		126C274F2EFCBA590036A687 /* Sources */ = {
			isa = PBXSourcesBuildPhase;
			buildActionMask = 2147483647;
			files = (
				12CFC8662EFF991100792565 /* LSNCrc.cpp in Sources */,
				12CFC8572EFF991100792565 /* LSNFileBase.cpp in Sources */,
				12CFC8602EFF991100792565 /* LSNStdFile.cpp in Sources */,
				12CFC8692EFF991100792565 /* LSNUtilities.cpp in Sources */,
				126C27762EFCBA590036A687 /* Renderer.m in Sources */,
				126C275A2EFCBA590036A687 /* GameViewController.m in Sources */,
				126C27622EFCBA590036A687 /* main.m in Sources */,
				12CFC8632EFF991100792565 /* LSNZipFile.cpp in Sources */,
				126C27572EFCBA590036A687 /* AppDelegate.m in Sources */,
				12CFC8E52F0B478F00792565 /* LSNRicoh5A22.cpp in Sources */,
				126C27792EFCBA590036A687 /* Shaders.metal in Sources */,
				12CFC8BA2EFF991100792565 /* miniz.c in Sources */,
				12CFC8542EFF991100792565 /* LSNFeatureSet.cpp in Sources */,
				12CFC85A2EFF991100792565 /* LSNFileMap.cpp in Sources */,
			);
			runOnlyForDeploymentPostprocessing = 0;
		};
		126C27632EFCBA590036A687 /* Sources */ = {
			isa = PBXSourcesBuildPhase;
			buildActionMask = 2147483647;
			files = (
				12CFC8672EFF991100792565 /* LSNCrc.cpp in Sources */,
				12CFC8582EFF991100792565 /* LSNFileBase.cpp in Sources */,
				12CFC8612EFF991100792565 /* LSNStdFile.cpp in Sources */,
				12CFC86A2EFF991100792565 /* LSNUtilities.cpp in Sources */,
				126C27772EFCBA590036A687 /* Renderer.m in Sources */,
				126C276E2EFCBA590036A687 /* GameViewController.m in Sources */,
				126C27732EFCBA590036A687 /* main.m in Sources */,
				12CFC8642EFF991100792565 /* LSNZipFile.cpp in Sources */,
				126C276B2EFCBA590036A687 /* AppDelegate.m in Sources */,
				12CFC8E62F0B478F00792565 /* LSNRicoh5A22.cpp in Sources */,
				126C277A2EFCBA590036A687 /* Shaders.metal in Sources */,
				12CFC8BB2EFF991100792565 /* miniz.c in Sources */,
				12CFC8552EFF991100792565 /* LSNFeatureSet.cpp in Sources */,
				12CFC85B2EFF991100792565 /* LSNFileMap.cpp in Sources */,
			);
			runOnlyForDeploymentPostprocessing = 0;
		};
		12CFC9062F0D992E00792565 /* Sources */ = {
			isa = PBXSourcesBuildPhase;
			buildActionMask = 2147483647;
			files = (
				12CFC9072F0D992E00792565 /* LSNCrc.cpp in Sources */,
				12CFC9392F0E8C3200792565 /* LSNMacOsMain_CpuVerify.mm in Sources */,
				12CFC9082F0D992E00792565 /* LSNFileBase.cpp in Sources */,
				12CFC9092F0D992E00792565 /* LSNStdFile.cpp in Sources */,
				12CFC90A2F0D992E00792565 /* LSNUtilities.cpp in Sources */,
				12CFC90B2F0D992E00792565 /* Renderer.m in Sources */,
				12CFC90C2F0D992E00792565 /* GameViewController.m in Sources */,
				12CFC90D2F0D992E00792565 /* main.m in Sources */,
				12CFC90E2F0D992E00792565 /* LSNZipFile.cpp in Sources */,
				12CFC90F2F0D992E00792565 /* AppDelegate.m in Sources */,
				12CFC9102F0D992E00792565 /* LSNRicoh5A22.cpp in Sources */,
				12CFC9112F0D992E00792565 /* Shaders.metal in Sources */,
				12CFC9122F0D992E00792565 /* miniz.c in Sources */,
				12CFC9132F0D992E00792565 /* LSNFeatureSet.cpp in Sources */,
				12CFC9142F0D992E00792565 /* LSNFileMap.cpp in Sources */,
			);
			runOnlyForDeploymentPostprocessing = 0;
		};
/* End PBXSourcesBuildPhase section */

/* Begin PBXTargetDependency section */
		12CFC7A82EFCBF8400792565 /* PBXTargetDependency */ = {
			isa = PBXTargetDependency;
			name = ExpressionEvaluator;
			targetProxy = 12CFC7A72EFCBF8400792565 /* PBXContainerItemProxy */;
		};
		12CFC7E12EFF912D00792565 /* PBXTargetDependency */ = {
			isa = PBXTargetDependency;
			name = LSon;
			targetProxy = 12CFC7E02EFF912D00792565 /* PBXContainerItemProxy */;
		};
		12CFC9242F0D9A2800792565 /* PBXTargetDependency */ = {
			isa = PBXTargetDependency;
			name = ExpressionEvaluator;
			targetProxy = 12CFC9232F0D9A2800792565 /* PBXContainerItemProxy */;
		};
		12CFC9262F0D9A2800792565 /* PBXTargetDependency */ = {
			isa = PBXTargetDependency;
			name = LSon;
			targetProxy = 12CFC9252F0D9A2800792565 /* PBXContainerItemProxy */;
		};
		12CFC92A2F0D9A3600792565 /* PBXTargetDependency */ = {
			isa = PBXTargetDependency;
			name = ExpressionEvaluator;
			targetProxy = 12CFC9292F0D9A3600792565 /* PBXContainerItemProxy */;
		};
		12CFC92C2F0D9A3600792565 /* PBXTargetDependency */ = {
			isa = PBXTargetDependency;
			name = LSon;
			targetProxy = 12CFC92B2F0D9A3600792565 /* PBXContainerItemProxy */;
		};
		12CFC9302F0D9A4200792565 /* PBXTargetDependency */ = {
			isa = PBXTargetDependency;
			name = ExpressionEvaluator;
			targetProxy = 12CFC92F2F0D9A4200792565 /* PBXContainerItemProxy */;
		};
		12CFC9322F0D9A4200792565 /* PBXTargetDependency */ = {
			isa = PBXTargetDependency;
			name = LSon;
			targetProxy = 12CFC9312F0D9A4200792565 /* PBXContainerItemProxy */;
		};
/* End PBXTargetDependency section */

/* Begin PBXVariantGroup section */
		126C27472EFCBA590036A687 /* Main.storyboard */ = {
			isa = PBXVariantGroup;
			children = (
				126C27482EFCBA590036A687 /* Base */,
			);
			name = Main.storyboard;
			sourceTree = "<group>";
		};
		126C274A2EFCBA590036A687 /* LaunchScreen.storyboard */ = {
			isa = PBXVariantGroup;
			children = (
				126C274B2EFCBA590036A687 /* Base */,
			);
			name = LaunchScreen.storyboard;
			sourceTree = "<group>";
		};
		126C275B2EFCBA590036A687 /* Main.storyboard */ = {
			isa = PBXVariantGroup;
			children = (
				126C275C2EFCBA590036A687 /* Base */,
			);
			name = Main.storyboard;
			sourceTree = "<group>";
		};
		126C275E2EFCBA590036A687 /* LaunchScreen.storyboard */ = {
			isa = PBXVariantGroup;
			children = (
				126C275F2EFCBA590036A687 /* Base */,
			);
			name = LaunchScreen.storyboard;
			sourceTree = "<group>";
		};
		126C276F2EFCBA590036A687 /* Main.storyboard */ = {
			isa = PBXVariantGroup;
			children = (
				126C27702EFCBA590036A687 /* Base */,
			);
			name = Main.storyboard;
			sourceTree = "<group>";
		};
/* End PBXVariantGroup section */

/* Begin XCBuildConfiguration section */
		126C277E2EFCBA590036A687 /* Debug */ = {
			isa = XCBuildConfiguration;
			buildSettings = {
				ALWAYS_SEARCH_USER_PATHS = NO;
				ASSETCATALOG_COMPILER_GENERATE_SWIFT_ASSET_SYMBOL_EXTENSIONS = YES;
				CLANG_ANALYZER_NONNULL = YES;
				CLANG_ANALYZER_NUMBER_OBJECT_CONVERSION = YES_AGGRESSIVE;
				CLANG_CXX_LANGUAGE_STANDARD = "gnu++20";
				CLANG_ENABLE_MODULES = YES;
				CLANG_ENABLE_OBJC_ARC = YES;
				CLANG_ENABLE_OBJC_WEAK = YES;
				CLANG_WARN_BLOCK_CAPTURE_AUTORELEASING = YES;
				CLANG_WARN_BOOL_CONVERSION = YES;
				CLANG_WARN_COMMA = YES;
				CLANG_WARN_CONSTANT_CONVERSION = YES;
				CLANG_WARN_DEPRECATED_OBJC_IMPLEMENTATIONS = YES;
				CLANG_WARN_DIRECT_OBJC_ISA_USAGE = YES_ERROR;
				CLANG_WARN_DOCUMENTATION_COMMENTS = YES;
				CLANG_WARN_EMPTY_BODY = YES;
				CLANG_WARN_ENUM_CONVERSION = YES;
				CLANG_WARN_INFINITE_RECURSION = YES;
				CLANG_WARN_INT_CONVERSION = YES;
				CLANG_WARN_NON_LITERAL_NULL_CONVERSION = YES;
				CLANG_WARN_OBJC_IMPLICIT_RETAIN_SELF = YES;
				CLANG_WARN_OBJC_LITERAL_CONVERSION = YES;
				CLANG_WARN_OBJC_ROOT_CLASS = YES_ERROR;
				CLANG_WARN_QUOTED_INCLUDE_IN_FRAMEWORK_HEADER = YES;
				CLANG_WARN_RANGE_LOOP_ANALYSIS = YES;
				CLANG_WARN_STRICT_PROTOTYPES = YES;
				CLANG_WARN_SUSPICIOUS_MOVE = YES;
				CLANG_WARN_UNGUARDED_AVAILABILITY = YES_AGGRESSIVE;
				CLANG_WARN_UNREACHABLE_CODE = YES;
				CLANG_WARN__DUPLICATE_METHOD_MATCH = YES;
				COPY_PHASE_STRIP = NO;
				DEBUG_INFORMATION_FORMAT = dwarf;
				ENABLE_STRICT_OBJC_MSGSEND = YES;
				ENABLE_TESTABILITY = YES;
				ENABLE_USER_SCRIPT_SANDBOXING = YES;
				GCC_C_LANGUAGE_STANDARD = gnu17;
				GCC_DYNAMIC_NO_PIC = NO;
				GCC_NO_COMMON_BLOCKS = YES;
				GCC_OPTIMIZATION_LEVEL = 0;
				GCC_PREPROCESSOR_DEFINITIONS = (
					"DEBUG=1",
					"$(inherited)",
				);
				GCC_WARN_64_TO_32_BIT_CONVERSION = YES;
				GCC_WARN_ABOUT_RETURN_TYPE = YES_ERROR;
				GCC_WARN_UNDECLARED_SELECTOR = YES;
				GCC_WARN_UNINITIALIZED_AUTOS = YES_AGGRESSIVE;
				GCC_WARN_UNUSED_FUNCTION = YES;
				GCC_WARN_UNUSED_VARIABLE = YES;
				HEADER_SEARCH_PATHS = (
					"$(SRCROOT)/Libraries/ExpressionEvaluator/Src",
					"$(SRCROOT)/Libraries/LSon/Src",
					"$(SRCROOT)/Libraries/LSWindows/Src",
				);
				LOCALIZATION_PREFERS_STRING_CATALOGS = YES;
				MTL_ENABLE_DEBUG_INFO = INCLUDE_SOURCE;
				MTL_FAST_MATH = YES;
				ONLY_ACTIVE_ARCH = YES;
			};
			name = Debug;
		};
		126C277F2EFCBA590036A687 /* Release */ = {
			isa = XCBuildConfiguration;
			buildSettings = {
				ALWAYS_SEARCH_USER_PATHS = NO;
				ASSETCATALOG_COMPILER_GENERATE_SWIFT_ASSET_SYMBOL_EXTENSIONS = YES;
				CLANG_ANALYZER_NONNULL = YES;
				CLANG_ANALYZER_NUMBER_OBJECT_CONVERSION = YES_AGGRESSIVE;
				CLANG_CXX_LANGUAGE_STANDARD = "gnu++20";
				CLANG_ENABLE_MODULES = YES;
				CLANG_ENABLE_OBJC_ARC = YES;
				CLANG_ENABLE_OBJC_WEAK = YES;
				CLANG_WARN_BLOCK_CAPTURE_AUTORELEASING = YES;
				CLANG_WARN_BOOL_CONVERSION = YES;
				CLANG_WARN_COMMA = YES;
				CLANG_WARN_CONSTANT_CONVERSION = YES;
				CLANG_WARN_DEPRECATED_OBJC_IMPLEMENTATIONS = YES;
				CLANG_WARN_DIRECT_OBJC_ISA_USAGE = YES_ERROR;
				CLANG_WARN_DOCUMENTATION_COMMENTS = YES;
				CLANG_WARN_EMPTY_BODY = YES;
				CLANG_WARN_ENUM_CONVERSION = YES;
				CLANG_WARN_INFINITE_RECURSION = YES;
				CLANG_WARN_INT_CONVERSION = YES;
				CLANG_WARN_NON_LITERAL_NULL_CONVERSION = YES;
				CLANG_WARN_OBJC_IMPLICIT_RETAIN_SELF = YES;
				CLANG_WARN_OBJC_LITERAL_CONVERSION = YES;
				CLANG_WARN_OBJC_ROOT_CLASS = YES_ERROR;
				CLANG_WARN_QUOTED_INCLUDE_IN_FRAMEWORK_HEADER = YES;
				CLANG_WARN_RANGE_LOOP_ANALYSIS = YES;
				CLANG_WARN_STRICT_PROTOTYPES = YES;
				CLANG_WARN_SUSPICIOUS_MOVE = YES;
				CLANG_WARN_UNGUARDED_AVAILABILITY = YES_AGGRESSIVE;
				CLANG_WARN_UNREACHABLE_CODE = YES;
				CLANG_WARN__DUPLICATE_METHOD_MATCH = YES;
				COPY_PHASE_STRIP = NO;
				DEBUG_INFORMATION_FORMAT = "dwarf-with-dsym";
				ENABLE_NS_ASSERTIONS = NO;
				ENABLE_STRICT_OBJC_MSGSEND = YES;
				ENABLE_USER_SCRIPT_SANDBOXING = YES;
				GCC_C_LANGUAGE_STANDARD = gnu17;
				GCC_NO_COMMON_BLOCKS = YES;
				GCC_WARN_64_TO_32_BIT_CONVERSION = YES;
				GCC_WARN_ABOUT_RETURN_TYPE = YES_ERROR;
				GCC_WARN_UNDECLARED_SELECTOR = YES;
				GCC_WARN_UNINITIALIZED_AUTOS = YES_AGGRESSIVE;
				GCC_WARN_UNUSED_FUNCTION = YES;
				GCC_WARN_UNUSED_VARIABLE = YES;
				HEADER_SEARCH_PATHS = (
					"$(SRCROOT)/Libraries/ExpressionEvaluator/Src",
					"$(SRCROOT)/Libraries/LSon/Src",
					"$(SRCROOT)/Libraries/LSWindows/Src",
				);
				LOCALIZATION_PREFERS_STRING_CATALOGS = YES;
				MTL_ENABLE_DEBUG_INFO = NO;
				MTL_FAST_MATH = YES;
			};
			name = Release;
		};
		126C27812EFCBA590036A687 /* Debug */ = {
			isa = XCBuildConfiguration;
			buildSettings = {
				ASSETCATALOG_COMPILER_APPICON_NAME = AppIcon;
				ASSETCATALOG_COMPILER_GLOBAL_ACCENT_COLOR_NAME = AccentColor;
				CODE_SIGN_STYLE = Automatic;
				CURRENT_PROJECT_VERSION = 1;
				GENERATE_INFOPLIST_FILE = YES;
				INFOPLIST_KEY_UIApplicationSupportsIndirectInputEvents = YES;
				INFOPLIST_KEY_UILaunchStoryboardName = LaunchScreen;
				INFOPLIST_KEY_UIMainStoryboardFile = Main;
				INFOPLIST_KEY_UIStatusBarHidden = YES;
				INFOPLIST_KEY_UISupportedInterfaceOrientations_iPad = "UIInterfaceOrientationPortrait UIInterfaceOrientationPortraitUpsideDown UIInterfaceOrientationLandscapeLeft UIInterfaceOrientationLandscapeRight";
				INFOPLIST_KEY_UISupportedInterfaceOrientations_iPhone = "UIInterfaceOrientationPortrait UIInterfaceOrientationLandscapeLeft UIInterfaceOrientationLandscapeRight";
				IPHONEOS_DEPLOYMENT_TARGET = 17.4;
				LD_RUNPATH_SEARCH_PATHS = (
					"$(inherited)",
					"@executable_path/Frameworks",
				);
				MARKETING_VERSION = 1.0;
				PRODUCT_BUNDLE_IDENTIFIER = "L.-Spiro.BirdSNES";
				PRODUCT_NAME = BirdSNES;
				SDKROOT = iphoneos;
				SWIFT_EMIT_LOC_STRINGS = YES;
				TARGETED_DEVICE_FAMILY = "1,2";
			};
			name = Debug;
		};
		126C27822EFCBA590036A687 /* Release */ = {
			isa = XCBuildConfiguration;
			buildSettings = {
				ASSETCATALOG_COMPILER_APPICON_NAME = AppIcon;
				ASSETCATALOG_COMPILER_GLOBAL_ACCENT_COLOR_NAME = AccentColor;
				CODE_SIGN_STYLE = Automatic;
				CURRENT_PROJECT_VERSION = 1;
				GENERATE_INFOPLIST_FILE = YES;
				INFOPLIST_KEY_UIApplicationSupportsIndirectInputEvents = YES;
				INFOPLIST_KEY_UILaunchStoryboardName = LaunchScreen;
				INFOPLIST_KEY_UIMainStoryboardFile = Main;
				INFOPLIST_KEY_UIStatusBarHidden = YES;
				INFOPLIST_KEY_UISupportedInterfaceOrientations_iPad = "UIInterfaceOrientationPortrait UIInterfaceOrientationPortraitUpsideDown UIInterfaceOrientationLandscapeLeft UIInterfaceOrientationLandscapeRight";
				INFOPLIST_KEY_UISupportedInterfaceOrientations_iPhone = "UIInterfaceOrientationPortrait UIInterfaceOrientationLandscapeLeft UIInterfaceOrientationLandscapeRight";
				IPHONEOS_DEPLOYMENT_TARGET = 17.4;
				LD_RUNPATH_SEARCH_PATHS = (
					"$(inherited)",
					"@executable_path/Frameworks",
				);
				MARKETING_VERSION = 1.0;
				PRODUCT_BUNDLE_IDENTIFIER = "L.-Spiro.BirdSNES";
				PRODUCT_NAME = BirdSNES;
				SDKROOT = iphoneos;
				SWIFT_EMIT_LOC_STRINGS = YES;
				TARGETED_DEVICE_FAMILY = "1,2";
				VALIDATE_PRODUCT = YES;
			};
			name = Release;
		};
		126C27842EFCBA590036A687 /* Debug */ = {
			isa = XCBuildConfiguration;
			buildSettings = {
				ASSETCATALOG_COMPILER_APPICON_NAME = "tvOS App Icon & Top Shelf Image";
				ASSETCATALOG_COMPILER_GLOBAL_ACCENT_COLOR_NAME = AccentColor;
				CODE_SIGN_STYLE = Automatic;
				CURRENT_PROJECT_VERSION = 1;
				GENERATE_INFOPLIST_FILE = YES;
				INFOPLIST_KEY_UILaunchStoryboardName = LaunchScreen;
				INFOPLIST_KEY_UIMainStoryboardFile = Main;
				INFOPLIST_KEY_UIUserInterfaceStyle = Automatic;
				LD_RUNPATH_SEARCH_PATHS = (
					"$(inherited)",
					"@executable_path/Frameworks",
				);
				MARKETING_VERSION = 1.0;
				PRODUCT_BUNDLE_IDENTIFIER = "L.-Spiro.BirdSNES";
				PRODUCT_NAME = BirdSNES;
				SDKROOT = appletvos;
				SWIFT_EMIT_LOC_STRINGS = YES;
				TARGETED_DEVICE_FAMILY = 3;
				TVOS_DEPLOYMENT_TARGET = 17.4;
			};
			name = Debug;
		};
		126C27852EFCBA590036A687 /* Release */ = {
			isa = XCBuildConfiguration;
			buildSettings = {
				ASSETCATALOG_COMPILER_APPICON_NAME = "tvOS App Icon & Top Shelf Image";
				ASSETCATALOG_COMPILER_GLOBAL_ACCENT_COLOR_NAME = AccentColor;
				CODE_SIGN_STYLE = Automatic;
				CURRENT_PROJECT_VERSION = 1;
				GENERATE_INFOPLIST_FILE = YES;
				INFOPLIST_KEY_UILaunchStoryboardName = LaunchScreen;
				INFOPLIST_KEY_UIMainStoryboardFile = Main;
				INFOPLIST_KEY_UIUserInterfaceStyle = Automatic;
				LD_RUNPATH_SEARCH_PATHS = (
					"$(inherited)",
					"@executable_path/Frameworks",
				);
				MARKETING_VERSION = 1.0;
				PRODUCT_BUNDLE_IDENTIFIER = "L.-Spiro.BirdSNES";
				PRODUCT_NAME = BirdSNES;
				SDKROOT = appletvos;
				SWIFT_EMIT_LOC_STRINGS = YES;
				TARGETED_DEVICE_FAMILY = 3;
				TVOS_DEPLOYMENT_TARGET = 17.4;
				VALIDATE_PRODUCT = YES;
			};
			name = Release;
		};
		126C27872EFCBA590036A687 /* Debug */ = {
			isa = XCBuildConfiguration;
			buildSettings = {
				ASSETCATALOG_COMPILER_APPICON_NAME = AppIcon;
				ASSETCATALOG_COMPILER_GLOBAL_ACCENT_COLOR_NAME = AccentColor;
				CODE_SIGN_ENTITLEMENTS = "BirdSNES macOS/BirdSNES_macOS.entitlements";
				CODE_SIGN_STYLE = Automatic;
				COMBINE_HIDPI_IMAGES = YES;
				CURRENT_PROJECT_VERSION = 1;
				GENERATE_INFOPLIST_FILE = YES;
				INFOPLIST_KEY_NSHumanReadableCopyright = "";
				INFOPLIST_KEY_NSMainStoryboardFile = Main;
				INFOPLIST_KEY_NSPrincipalClass = NSApplication;
				LD_RUNPATH_SEARCH_PATHS = (
					"$(inherited)",
					"@executable_path/../Frameworks",
				);
				MACOSX_DEPLOYMENT_TARGET = 14.4;
				MARKETING_VERSION = 1.0;
				PRODUCT_BUNDLE_IDENTIFIER = "L.-Spiro.BirdSNES";
				PRODUCT_NAME = BirdSNES;
				SDKROOT = macosx;
				SWIFT_EMIT_LOC_STRINGS = YES;
			};
			name = Debug;
		};
		126C27882EFCBA590036A687 /* Release */ = {
			isa = XCBuildConfiguration;
			buildSettings = {
				ASSETCATALOG_COMPILER_APPICON_NAME = AppIcon;
				ASSETCATALOG_COMPILER_GLOBAL_ACCENT_COLOR_NAME = AccentColor;
				CODE_SIGN_ENTITLEMENTS = "BirdSNES macOS/BirdSNES_macOS.entitlements";
				CODE_SIGN_STYLE = Automatic;
				COMBINE_HIDPI_IMAGES = YES;
				CURRENT_PROJECT_VERSION = 1;
				GENERATE_INFOPLIST_FILE = YES;
				INFOPLIST_KEY_NSHumanReadableCopyright = "";
				INFOPLIST_KEY_NSMainStoryboardFile = Main;
				INFOPLIST_KEY_NSPrincipalClass = NSApplication;
				LD_RUNPATH_SEARCH_PATHS = (
					"$(inherited)",
					"@executable_path/../Frameworks",
				);
				MACOSX_DEPLOYMENT_TARGET = 14.4;
				MARKETING_VERSION = 1.0;
				PRODUCT_BUNDLE_IDENTIFIER = "L.-Spiro.BirdSNES";
				PRODUCT_NAME = BirdSNES;
				SDKROOT = macosx;
				SWIFT_EMIT_LOC_STRINGS = YES;
			};
			name = Release;
		};
		12CFC9202F0D992E00792565 /* Debug */ = {
			isa = XCBuildConfiguration;
			buildSettings = {
				ASSETCATALOG_COMPILER_APPICON_NAME = AppIcon;
				ASSETCATALOG_COMPILER_GLOBAL_ACCENT_COLOR_NAME = AccentColor;
				CODE_SIGN_ENTITLEMENTS = "BirdSNES macOS/BirdSNES_macOS.entitlements";
				CODE_SIGN_STYLE = Automatic;
				COMBINE_HIDPI_IMAGES = YES;
				CURRENT_PROJECT_VERSION = 1;
				GCC_PREPROCESSOR_DEFINITIONS = (
					"DEBUG=1",
					"$(inherited)",
					LSN_CPU_VERIFY,
				);
				GENERATE_INFOPLIST_FILE = YES;
				INFOPLIST_KEY_NSHumanReadableCopyright = "";
				INFOPLIST_KEY_NSMainStoryboardFile = Main;
				INFOPLIST_KEY_NSPrincipalClass = NSApplication;
				LD_RUNPATH_SEARCH_PATHS = (
					"$(inherited)",
					"@executable_path/../Frameworks",
				);
				MACOSX_DEPLOYMENT_TARGET = 14.4;
				MARKETING_VERSION = 1.0;
				PRODUCT_BUNDLE_IDENTIFIER = "L.-Spiro.BirdSNES";
				PRODUCT_NAME = "$(TARGET_NAME)";
				SDKROOT = macosx;
				SWIFT_EMIT_LOC_STRINGS = YES;
			};
			name = Debug;
		};
		12CFC9212F0D992E00792565 /* Release */ = {
			isa = XCBuildConfiguration;
			buildSettings = {
				ASSETCATALOG_COMPILER_APPICON_NAME = AppIcon;
				ASSETCATALOG_COMPILER_GLOBAL_ACCENT_COLOR_NAME = AccentColor;
				CODE_SIGN_ENTITLEMENTS = "BirdSNES macOS/BirdSNES_macOS.entitlements";
				CODE_SIGN_STYLE = Automatic;
				COMBINE_HIDPI_IMAGES = YES;
				CURRENT_PROJECT_VERSION = 1;
				GCC_PREPROCESSOR_DEFINITIONS = LSN_CPU_VERIFY;
				GENERATE_INFOPLIST_FILE = YES;
				INFOPLIST_KEY_NSHumanReadableCopyright = "";
				INFOPLIST_KEY_NSMainStoryboardFile = Main;
				INFOPLIST_KEY_NSPrincipalClass = NSApplication;
				LD_RUNPATH_SEARCH_PATHS = (
					"$(inherited)",
					"@executable_path/../Frameworks",
				);
				MACOSX_DEPLOYMENT_TARGET = 14.4;
				MARKETING_VERSION = 1.0;
				PRODUCT_BUNDLE_IDENTIFIER = "L.-Spiro.BirdSNES";
				PRODUCT_NAME = "$(TARGET_NAME)";
				SDKROOT = macosx;
				SWIFT_EMIT_LOC_STRINGS = YES;
			};
			name = Release;
		};
/* End XCBuildConfiguration section */

/* Begin XCConfigurationList section */
		126C27332EFCBA570036A687 /* Build configuration list for PBXProject "BirdSNES" */ = {
			isa = XCConfigurationList;
			buildConfigurations = (
				126C277E2EFCBA590036A687 /* Debug */,
				126C277F2EFCBA590036A687 /* Release */,
			);
			defaultConfigurationIsVisible = 0;
			defaultConfigurationName = Release;
		};
		126C27802EFCBA590036A687 /* Build configuration list for PBXNativeTarget "BirdSNES iOS" */ = {
			isa = XCConfigurationList;
			buildConfigurations = (
				126C27812EFCBA590036A687 /* Debug */,
				126C27822EFCBA590036A687 /* Release */,
			);
			defaultConfigurationIsVisible = 0;
			defaultConfigurationName = Release;
		};
		126C27832EFCBA590036A687 /* Build configuration list for PBXNativeTarget "BirdSNES tvOS" */ = {
			isa = XCConfigurationList;
			buildConfigurations = (
				126C27842EFCBA590036A687 /* Debug */,
				126C27852EFCBA590036A687 /* Release */,
			);
			defaultConfigurationIsVisible = 0;
			defaultConfigurationName = Release;
		};
		126C27862EFCBA590036A687 /* Build configuration list for PBXNativeTarget "BirdSNES macOS" */ = {
			isa = XCConfigurationList;
			buildConfigurations = (
				126C27872EFCBA590036A687 /* Debug */,
				126C27882EFCBA590036A687 /* Release */,
			);
			defaultConfigurationIsVisible = 0;
			defaultConfigurationName = Release;
		};
		12CFC91F2F0D992E00792565 /* Build configuration list for PBXNativeTarget "BirdSNES macOS CPU Vfy" */ = {
			isa = XCConfigurationList;
			buildConfigurations = (
				12CFC9202F0D992E00792565 /* Debug */,
				12CFC9212F0D992E00792565 /* Release */,
			);
			defaultConfigurationIsVisible = 0;
			defaultConfigurationName = Release;
		};
/* End XCConfigurationList section */
	};
	rootObject = 126C27302EFCBA570036A687 /* Project object */;
}
