// !$*UTF8*$!
{
	archiveVersion = 1;
	classes = {
	};
	objectVersion = 56;
	objects = {

/* Begin PBXBuildFile section */
		126C27432EFCBA590036A687 /* AppDelegate.m in Sources */ = {isa = PBXBuildFile; fileRef = 126C27422EFCBA590036A687 /* AppDelegate.m */; };
		126C27462EFCBA590036A687 /* GameViewController.m in Sources */ = {isa = PBXBuildFile; fileRef = 126C27452EFCBA590036A687 /* GameViewController.m */; };
		126C27492EFCBA590036A687 /* Base in Resources */ = {isa = PBXBuildFile; fileRef = 126C27482EFCBA590036A687 /* Base */; };
		126C274C2EFCBA590036A687 /* Base in Resources */ = {isa = PBXBuildFile; fileRef = 126C274B2EFCBA590036A687 /* Base */; };
		126C274E2EFCBA590036A687 /* main.m in Sources */ = {isa = PBXBuildFile; fileRef = 126C274D2EFCBA590036A687 /* main.m */; };
		126C27572EFCBA590036A687 /* AppDelegate.m in Sources */ = {isa = PBXBuildFile; fileRef = 126C27562EFCBA590036A687 /* AppDelegate.m */; };
		126C275A2EFCBA590036A687 /* GameViewController.m in Sources */ = {isa = PBXBuildFile; fileRef = 126C27592EFCBA590036A687 /* GameViewController.m */; };
		126C275D2EFCBA590036A687 /* Base in Resources */ = {isa = PBXBuildFile; fileRef = 126C275C2EFCBA590036A687 /* Base */; };
		126C27602EFCBA590036A687 /* Base in Resources */ = {isa = PBXBuildFile; fileRef = 126C275F2EFCBA590036A687 /* Base */; };
		126C27622EFCBA590036A687 /* main.m in Sources */ = {isa = PBXBuildFile; fileRef = 126C27612EFCBA590036A687 /* main.m */; };
		126C276B2EFCBA590036A687 /* AppDelegate.m in Sources */ = {isa = PBXBuildFile; fileRef = 126C276A2EFCBA590036A687 /* AppDelegate.m */; };
		126C276E2EFCBA590036A687 /* GameViewController.m in Sources */ = {isa = PBXBuildFile; fileRef = 126C276D2EFCBA590036A687 /* GameViewController.m */; };
		126C27712EFCBA590036A687 /* Base in Resources */ = {isa = PBXBuildFile; fileRef = 126C27702EFCBA590036A687 /* Base */; };
		126C27732EFCBA590036A687 /* main.m in Sources */ = {isa = PBXBuildFile; fileRef = 126C27722EFCBA590036A687 /* main.m */; };
		126C27752EFCBA590036A687 /* Renderer.m in Sources */ = {isa = PBXBuildFile; fileRef = 126C27362EFCBA580036A687 /* Renderer.m */; };
		126C27762EFCBA590036A687 /* Renderer.m in Sources */ = {isa = PBXBuildFile; fileRef = 126C27362EFCBA580036A687 /* Renderer.m */; };
		126C27772EFCBA590036A687 /* Renderer.m in Sources */ = {isa = PBXBuildFile; fileRef = 126C27362EFCBA580036A687 /* Renderer.m */; };
		126C27782EFCBA590036A687 /* Shaders.metal in Sources */ = {isa = PBXBuildFile; fileRef = 126C27382EFCBA580036A687 /* Shaders.metal */; };
		126C27792EFCBA590036A687 /* Shaders.metal in Sources */ = {isa = PBXBuildFile; fileRef = 126C27382EFCBA580036A687 /* Shaders.metal */; };
		126C277A2EFCBA590036A687 /* Shaders.metal in Sources */ = {isa = PBXBuildFile; fileRef = 126C27382EFCBA580036A687 /* Shaders.metal */; };
		126C277B2EFCBA590036A687 /* Assets.xcassets in Resources */ = {isa = PBXBuildFile; fileRef = 126C27392EFCBA590036A687 /* Assets.xcassets */; };
		126C277C2EFCBA590036A687 /* Assets.xcassets in Resources */ = {isa = PBXBuildFile; fileRef = 126C27392EFCBA590036A687 /* Assets.xcassets */; };
		126C277D2EFCBA590036A687 /* Assets.xcassets in Resources */ = {isa = PBXBuildFile; fileRef = 126C27392EFCBA590036A687 /* Assets.xcassets */; };
		12CFC7AA2EFCBF9B00792565 /* ExpressionEvaluator.framework in Frameworks */ = {isa = PBXBuildFile; fileRef = 12CFC6F62EFCBF4100792565 /* ExpressionEvaluator.framework */; };
/* End PBXBuildFile section */

/* Begin PBXContainerItemProxy section */
		12CFC6F52EFCBF4100792565 /* PBXContainerItemProxy */ = {
			isa = PBXContainerItemProxy;
			containerPortal = 12CFC6F12EFCBF4100792565 /* ExpressionEvaluator.xcodeproj */;
			proxyType = 2;
			remoteGlobalIDString = 12CFC6E72EFCBEFE00792565;
			remoteInfo = ExpressionEvaluator;
		};
		12CFC7A72EFCBF8400792565 /* PBXContainerItemProxy */ = {
			isa = PBXContainerItemProxy;
			containerPortal = 12CFC6F12EFCBF4100792565 /* ExpressionEvaluator.xcodeproj */;
			proxyType = 1;
			remoteGlobalIDString = 12CFC6E62EFCBEFE00792565;
			remoteInfo = ExpressionEvaluator;
		};
/* End PBXContainerItemProxy section */

/* Begin PBXFileReference section */
		126C27352EFCBA580036A687 /* Renderer.h */ = {isa = PBXFileReference; lastKnownFileType = sourcecode.c.h; path = Renderer.h; sourceTree = "<group>"; };
		126C27362EFCBA580036A687 /* Renderer.m */ = {isa = PBXFileReference; lastKnownFileType = sourcecode.c.objc; path = Renderer.m; sourceTree = "<group>"; };
		126C27372EFCBA580036A687 /* ShaderTypes.h */ = {isa = PBXFileReference; lastKnownFileType = sourcecode.c.h; path = ShaderTypes.h; sourceTree = "<group>"; };
		126C27382EFCBA580036A687 /* Shaders.metal */ = {isa = PBXFileReference; lastKnownFileType = sourcecode.metal; path = Shaders.metal; sourceTree = "<group>"; };
		126C27392EFCBA590036A687 /* Assets.xcassets */ = {isa = PBXFileReference; lastKnownFileType = folder.assetcatalog; path = Assets.xcassets; sourceTree = "<group>"; };
		126C273E2EFCBA590036A687 /* BirdSNES.app */ = {isa = PBXFileReference; explicitFileType = wrapper.application; includeInIndex = 0; path = BirdSNES.app; sourceTree = BUILT_PRODUCTS_DIR; };
		126C27412EFCBA590036A687 /* AppDelegate.h */ = {isa = PBXFileReference; lastKnownFileType = sourcecode.c.h; path = AppDelegate.h; sourceTree = "<group>"; };
		126C27422EFCBA590036A687 /* AppDelegate.m */ = {isa = PBXFileReference; lastKnownFileType = sourcecode.c.objc; path = AppDelegate.m; sourceTree = "<group>"; };
		126C27442EFCBA590036A687 /* GameViewController.h */ = {isa = PBXFileReference; lastKnownFileType = sourcecode.c.h; path = GameViewController.h; sourceTree = "<group>"; };
		126C27452EFCBA590036A687 /* GameViewController.m */ = {isa = PBXFileReference; lastKnownFileType = sourcecode.c.objc; path = GameViewController.m; sourceTree = "<group>"; };
		126C27482EFCBA590036A687 /* Base */ = {isa = PBXFileReference; lastKnownFileType = file.storyboard; name = Base; path = Base.lproj/Main.storyboard; sourceTree = "<group>"; };
		126C274B2EFCBA590036A687 /* Base */ = {isa = PBXFileReference; lastKnownFileType = file.storyboard; name = Base; path = Base.lproj/LaunchScreen.storyboard; sourceTree = "<group>"; };
		126C274D2EFCBA590036A687 /* main.m */ = {isa = PBXFileReference; lastKnownFileType = sourcecode.c.objc; path = main.m; sourceTree = "<group>"; };
		126C27532EFCBA590036A687 /* BirdSNES.app */ = {isa = PBXFileReference; explicitFileType = wrapper.application; includeInIndex = 0; path = BirdSNES.app; sourceTree = BUILT_PRODUCTS_DIR; };
		126C27552EFCBA590036A687 /* AppDelegate.h */ = {isa = PBXFileReference; lastKnownFileType = sourcecode.c.h; path = AppDelegate.h; sourceTree = "<group>"; };
		126C27562EFCBA590036A687 /* AppDelegate.m */ = {isa = PBXFileReference; lastKnownFileType = sourcecode.c.objc; path = AppDelegate.m; sourceTree = "<group>"; };
		126C27582EFCBA590036A687 /* GameViewController.h */ = {isa = PBXFileReference; lastKnownFileType = sourcecode.c.h; path = GameViewController.h; sourceTree = "<group>"; };
		126C27592EFCBA590036A687 /* GameViewController.m */ = {isa = PBXFileReference; lastKnownFileType = sourcecode.c.objc; path = GameViewController.m; sourceTree = "<group>"; };
		126C275C2EFCBA590036A687 /* Base */ = {isa = PBXFileReference; lastKnownFileType = file.storyboard; name = Base; path = Base.lproj/Main.storyboard; sourceTree = "<group>"; };
		126C275F2EFCBA590036A687 /* Base */ = {isa = PBXFileReference; lastKnownFileType = file.storyboard; name = Base; path = Base.lproj/LaunchScreen.storyboard; sourceTree = "<group>"; };
		126C27612EFCBA590036A687 /* main.m */ = {isa = PBXFileReference; lastKnownFileType = sourcecode.c.objc; path = main.m; sourceTree = "<group>"; };
		126C27672EFCBA590036A687 /* BirdSNES.app */ = {isa = PBXFileReference; explicitFileType = wrapper.application; includeInIndex = 0; path = BirdSNES.app; sourceTree = BUILT_PRODUCTS_DIR; };
		126C27692EFCBA590036A687 /* AppDelegate.h */ = {isa = PBXFileReference; lastKnownFileType = sourcecode.c.h; path = AppDelegate.h; sourceTree = "<group>"; };
		126C276A2EFCBA590036A687 /* AppDelegate.m */ = {isa = PBXFileReference; lastKnownFileType = sourcecode.c.objc; path = AppDelegate.m; sourceTree = "<group>"; };
		126C276C2EFCBA590036A687 /* GameViewController.h */ = {isa = PBXFileReference; lastKnownFileType = sourcecode.c.h; path = GameViewController.h; sourceTree = "<group>"; };
		126C276D2EFCBA590036A687 /* GameViewController.m */ = {isa = PBXFileReference; lastKnownFileType = sourcecode.c.objc; path = GameViewController.m; sourceTree = "<group>"; };
		126C27702EFCBA590036A687 /* Base */ = {isa = PBXFileReference; lastKnownFileType = file.storyboard; name = Base; path = Base.lproj/Main.storyboard; sourceTree = "<group>"; };
		126C27722EFCBA590036A687 /* main.m */ = {isa = PBXFileReference; lastKnownFileType = sourcecode.c.objc; path = main.m; sourceTree = "<group>"; };
		126C27742EFCBA590036A687 /* BirdSNES_macOS.entitlements */ = {isa = PBXFileReference; lastKnownFileType = text.plist.entitlements; path = BirdSNES_macOS.entitlements; sourceTree = "<group>"; };
		12CFC6F12EFCBF4100792565 /* ExpressionEvaluator.xcodeproj */ = {isa = PBXFileReference; lastKnownFileType = "wrapper.pb-project"; name = ExpressionEvaluator.xcodeproj; path = Libraries/ExpressionEvaluator/ExpressionEvaluator.xcodeproj; sourceTree = "<group>"; };
/* End PBXFileReference section */

/* Begin PBXFrameworksBuildPhase section */
		126C273B2EFCBA590036A687 /* Frameworks */ = {
			isa = PBXFrameworksBuildPhase;
			buildActionMask = 2147483647;
			files = (
				12CFC7AA2EFCBF9B00792565 /* ExpressionEvaluator.framework in Frameworks */,
			);
			runOnlyForDeploymentPostprocessing = 0;
		};
		126C27502EFCBA590036A687 /* Frameworks */ = {
			isa = PBXFrameworksBuildPhase;
			buildActionMask = 2147483647;
			files = (
			);
			runOnlyForDeploymentPostprocessing = 0;
		};
		126C27642EFCBA590036A687 /* Frameworks */ = {
			isa = PBXFrameworksBuildPhase;
			buildActionMask = 2147483647;
			files = (
			);
			runOnlyForDeploymentPostprocessing = 0;
		};
/* End PBXFrameworksBuildPhase section */

/* Begin PBXGroup section */
		126C272F2EFCBA570036A687 = {
			isa = PBXGroup;
			children = (
				12CFC6F12EFCBF4100792565 /* ExpressionEvaluator.xcodeproj */,
				126C27342EFCBA580036A687 /* BirdSNES Shared */,
				126C27402EFCBA590036A687 /* BirdSNES iOS */,
				126C27542EFCBA590036A687 /* BirdSNES tvOS */,
				126C27682EFCBA590036A687 /* BirdSNES macOS */,
				126C273F2EFCBA590036A687 /* Products */,
				12CFC7A92EFCBF9B00792565 /* Frameworks */,
			);
			sourceTree = "<group>";
		};
		126C27342EFCBA580036A687 /* BirdSNES Shared */ = {
			isa = PBXGroup;
			children = (
				126C27352EFCBA580036A687 /* Renderer.h */,
				126C27362EFCBA580036A687 /* Renderer.m */,
				126C27372EFCBA580036A687 /* ShaderTypes.h */,
				126C27382EFCBA580036A687 /* Shaders.metal */,
				126C27392EFCBA590036A687 /* Assets.xcassets */,
			);
			path = "BirdSNES Shared";
			sourceTree = "<group>";
		};
		126C273F2EFCBA590036A687 /* Products */ = {
			isa = PBXGroup;
			children = (
				126C273E2EFCBA590036A687 /* BirdSNES.app */,
				126C27532EFCBA590036A687 /* BirdSNES.app */,
				126C27672EFCBA590036A687 /* BirdSNES.app */,
			);
			name = Products;
			sourceTree = "<group>";
		};
		126C27402EFCBA590036A687 /* BirdSNES iOS */ = {
			isa = PBXGroup;
			children = (
				126C27412EFCBA590036A687 /* AppDelegate.h */,
				126C27422EFCBA590036A687 /* AppDelegate.m */,
				126C27442EFCBA590036A687 /* GameViewController.h */,
				126C27452EFCBA590036A687 /* GameViewController.m */,
				126C27472EFCBA590036A687 /* Main.storyboard */,
				126C274A2EFCBA590036A687 /* LaunchScreen.storyboard */,
				126C274D2EFCBA590036A687 /* main.m */,
			);
			path = "BirdSNES iOS";
			sourceTree = "<group>";
		};
		126C27542EFCBA590036A687 /* BirdSNES tvOS */ = {
			isa = PBXGroup;
			children = (
				126C27552EFCBA590036A687 /* AppDelegate.h */,
				126C27562EFCBA590036A687 /* AppDelegate.m */,
				126C27582EFCBA590036A687 /* GameViewController.h */,
				126C27592EFCBA590036A687 /* GameViewController.m */,
				126C275B2EFCBA590036A687 /* Main.storyboard */,
				126C275E2EFCBA590036A687 /* LaunchScreen.storyboard */,
				126C27612EFCBA590036A687 /* main.m */,
			);
			path = "BirdSNES tvOS";
			sourceTree = "<group>";
		};
		126C27682EFCBA590036A687 /* BirdSNES macOS */ = {
			isa = PBXGroup;
			children = (
				126C27692EFCBA590036A687 /* AppDelegate.h */,
				126C276A2EFCBA590036A687 /* AppDelegate.m */,
				126C276C2EFCBA590036A687 /* GameViewController.h */,
				126C276D2EFCBA590036A687 /* GameViewController.m */,
				126C276F2EFCBA590036A687 /* Main.storyboard */,
				126C27722EFCBA590036A687 /* main.m */,
				126C27742EFCBA590036A687 /* BirdSNES_macOS.entitlements */,
			);
			path = "BirdSNES macOS";
			sourceTree = "<group>";
		};
		12CFC6F22EFCBF4100792565 /* Products */ = {
			isa = PBXGroup;
			children = (
				12CFC6F62EFCBF4100792565 /* ExpressionEvaluator.framework */,
			);
			name = Products;
			sourceTree = "<group>";
		};
		12CFC7A92EFCBF9B00792565 /* Frameworks */ = {
			isa = PBXGroup;
			children = (
			);
			name = Frameworks;
			sourceTree = "<group>";
		};
/* End PBXGroup section */

/* Begin PBXNativeTarget section */
		126C273D2EFCBA590036A687 /* BirdSNES iOS */ = {
			isa = PBXNativeTarget;
			buildConfigurationList = 126C27802EFCBA590036A687 /* Build configuration list for PBXNativeTarget "BirdSNES iOS" */;
			buildPhases = (
				126C273A2EFCBA590036A687 /* Sources */,
				126C273B2EFCBA590036A687 /* Frameworks */,
				126C273C2EFCBA590036A687 /* Resources */,
			);
			buildRules = (
			);
			dependencies = (
				12CFC7A82EFCBF8400792565 /* PBXTargetDependency */,
			);
			name = "BirdSNES iOS";
			productName = "BirdSNES iOS";
			productReference = 126C273E2EFCBA590036A687 /* BirdSNES.app */;
			productType = "com.apple.product-type.application";
		};
		126C27522EFCBA590036A687 /* BirdSNES tvOS */ = {
			isa = PBXNativeTarget;
			buildConfigurationList = 126C27832EFCBA590036A687 /* Build configuration list for PBXNativeTarget "BirdSNES tvOS" */;
			buildPhases = (
				126C274F2EFCBA590036A687 /* Sources */,
				126C27502EFCBA590036A687 /* Frameworks */,
				126C27512EFCBA590036A687 /* Resources */,
			);
			buildRules = (
			);
			dependencies = (
			);
			name = "BirdSNES tvOS";
			productName = "BirdSNES tvOS";
			productReference = 126C27532EFCBA590036A687 /* BirdSNES.app */;
			productType = "com.apple.product-type.application";
		};
		126C27662EFCBA590036A687 /* BirdSNES macOS */ = {
			isa = PBXNativeTarget;
			buildConfigurationList = 126C27862EFCBA590036A687 /* Build configuration list for PBXNativeTarget "BirdSNES macOS" */;
			buildPhases = (
				126C27632EFCBA590036A687 /* Sources */,
				126C27642EFCBA590036A687 /* Frameworks */,
				126C27652EFCBA590036A687 /* Resources */,
			);
			buildRules = (
			);
			dependencies = (
			);
			name = "BirdSNES macOS";
			productName = "BirdSNES macOS";
			productReference = 126C27672EFCBA590036A687 /* BirdSNES.app */;
			productType = "com.apple.product-type.application";
		};
/* End PBXNativeTarget section */

/* Begin PBXProject section */
		126C27302EFCBA570036A687 /* Project object */ = {
			isa = PBXProject;
			attributes = {
				BuildIndependentTargetsInParallel = 1;
				LastUpgradeCheck = 1530;
				TargetAttributes = {
					126C273D2EFCBA590036A687 = {
						CreatedOnToolsVersion = 15.3;
					};
					126C27522EFCBA590036A687 = {
						CreatedOnToolsVersion = 15.3;
					};
					126C27662EFCBA590036A687 = {
						CreatedOnToolsVersion = 15.3;
					};
				};
			};
			buildConfigurationList = 126C27332EFCBA570036A687 /* Build configuration list for PBXProject "BirdSNES" */;
			compatibilityVersion = "Xcode 14.0";
			developmentRegion = en;
			hasScannedForEncodings = 0;
			knownRegions = (
				en,
				Base,
			);
			mainGroup = 126C272F2EFCBA570036A687;
			productRefGroup = 126C273F2EFCBA590036A687 /* Products */;
			projectDirPath = "";
			projectReferences = (
				{
					ProductGroup = 12CFC6F22EFCBF4100792565 /* Products */;
					ProjectRef = 12CFC6F12EFCBF4100792565 /* ExpressionEvaluator.xcodeproj */;
				},
			);
			projectRoot = "";
			targets = (
				126C273D2EFCBA590036A687 /* BirdSNES iOS */,
				126C27522EFCBA590036A687 /* BirdSNES tvOS */,
				126C27662EFCBA590036A687 /* BirdSNES macOS */,
			);
		};
/* End PBXProject section */

/* Begin PBXReferenceProxy section */
		12CFC6F62EFCBF4100792565 /* ExpressionEvaluator.framework */ = {
			isa = PBXReferenceProxy;
			fileType = wrapper.framework;
			path = ExpressionEvaluator.framework;
			remoteRef = 12CFC6F52EFCBF4100792565 /* PBXContainerItemProxy */;
			sourceTree = BUILT_PRODUCTS_DIR;
		};
/* End PBXReferenceProxy section */

/* Begin PBXResourcesBuildPhase section */
		126C273C2EFCBA590036A687 /* Resources */ = {
			isa = PBXResourcesBuildPhase;
			buildActionMask = 2147483647;
			files = (
				126C27492EFCBA590036A687 /* Base in Resources */,
				126C277B2EFCBA590036A687 /* Assets.xcassets in Resources */,
				126C274C2EFCBA590036A687 /* Base in Resources */,
			);
			runOnlyForDeploymentPostprocessing = 0;
		};
		126C27512EFCBA590036A687 /* Resources */ = {
			isa = PBXResourcesBuildPhase;
			buildActionMask = 2147483647;
			files = (
				126C275D2EFCBA590036A687 /* Base in Resources */,
				126C277C2EFCBA590036A687 /* Assets.xcassets in Resources */,
				126C27602EFCBA590036A687 /* Base in Resources */,
			);
			runOnlyForDeploymentPostprocessing = 0;
		};
		126C27652EFCBA590036A687 /* Resources */ = {
			isa = PBXResourcesBuildPhase;
			buildActionMask = 2147483647;
			files = (
				126C277D2EFCBA590036A687 /* Assets.xcassets in Resources */,
				126C27712EFCBA590036A687 /* Base in Resources */,
			);
			runOnlyForDeploymentPostprocessing = 0;
		};
/* End PBXResourcesBuildPhase section */

/* Begin PBXSourcesBuildPhase section */
		126C273A2EFCBA590036A687 /* Sources */ = {
			isa = PBXSourcesBuildPhase;
			buildActionMask = 2147483647;
			files = (
				126C27752EFCBA590036A687 /* Renderer.m in Sources */,
				126C27462EFCBA590036A687 /* GameViewController.m in Sources */,
				126C274E2EFCBA590036A687 /* main.m in Sources */,
				126C27432EFCBA590036A687 /* AppDelegate.m in Sources */,
				126C27782EFCBA590036A687 /* Shaders.metal in Sources */,
			);
			runOnlyForDeploymentPostprocessing = 0;
		};
		126C274F2EFCBA590036A687 /* Sources */ = {
			isa = PBXSourcesBuildPhase;
			buildActionMask = 2147483647;
			files = (
				126C27762EFCBA590036A687 /* Renderer.m in Sources */,
				126C275A2EFCBA590036A687 /* GameViewController.m in Sources */,
				126C27622EFCBA590036A687 /* main.m in Sources */,
				126C27572EFCBA590036A687 /* AppDelegate.m in Sources */,
				126C27792EFCBA590036A687 /* Shaders.metal in Sources */,
			);
			runOnlyForDeploymentPostprocessing = 0;
		};
		126C27632EFCBA590036A687 /* Sources */ = {
			isa = PBXSourcesBuildPhase;
			buildActionMask = 2147483647;
			files = (
				126C27772EFCBA590036A687 /* Renderer.m in Sources */,
				126C276E2EFCBA590036A687 /* GameViewController.m in Sources */,
				126C27732EFCBA590036A687 /* main.m in Sources */,
				126C276B2EFCBA590036A687 /* AppDelegate.m in Sources */,
				126C277A2EFCBA590036A687 /* Shaders.metal in Sources */,
			);
			runOnlyForDeploymentPostprocessing = 0;
		};
/* End PBXSourcesBuildPhase section */

/* Begin PBXTargetDependency section */
		12CFC7A82EFCBF8400792565 /* PBXTargetDependency */ = {
			isa = PBXTargetDependency;
			name = ExpressionEvaluator;
			targetProxy = 12CFC7A72EFCBF8400792565 /* PBXContainerItemProxy */;
		};
/* End PBXTargetDependency section */

/* Begin PBXVariantGroup section */
		126C27472EFCBA590036A687 /* Main.storyboard */ = {
			isa = PBXVariantGroup;
			children = (
				126C27482EFCBA590036A687 /* Base */,
			);
			name = Main.storyboard;
			sourceTree = "<group>";
		};
		126C274A2EFCBA590036A687 /* LaunchScreen.storyboard */ = {
			isa = PBXVariantGroup;
			children = (
				126C274B2EFCBA590036A687 /* Base */,
			);
			name = LaunchScreen.storyboard;
			sourceTree = "<group>";
		};
		126C275B2EFCBA590036A687 /* Main.storyboard */ = {
			isa = PBXVariantGroup;
			children = (
				126C275C2EFCBA590036A687 /* Base */,
			);
			name = Main.storyboard;
			sourceTree = "<group>";
		};
		126C275E2EFCBA590036A687 /* LaunchScreen.storyboard */ = {
			isa = PBXVariantGroup;
			children = (
				126C275F2EFCBA590036A687 /* Base */,
			);
			name = LaunchScreen.storyboard;
			sourceTree = "<group>";
		};
		126C276F2EFCBA590036A687 /* Main.storyboard */ = {
			isa = PBXVariantGroup;
			children = (
				126C27702EFCBA590036A687 /* Base */,
			);
			name = Main.storyboard;
			sourceTree = "<group>";
		};
/* End PBXVariantGroup section */

/* Begin XCBuildConfiguration section */
		126C277E2EFCBA590036A687 /* Debug */ = {
			isa = XCBuildConfiguration;
			buildSettings = {
				ALWAYS_SEARCH_USER_PATHS = NO;
				ASSETCATALOG_COMPILER_GENERATE_SWIFT_ASSET_SYMBOL_EXTENSIONS = YES;
				CLANG_ANALYZER_NONNULL = YES;
				CLANG_ANALYZER_NUMBER_OBJECT_CONVERSION = YES_AGGRESSIVE;
				CLANG_CXX_LANGUAGE_STANDARD = "gnu++20";
				CLANG_ENABLE_MODULES = YES;
				CLANG_ENABLE_OBJC_ARC = YES;
				CLANG_ENABLE_OBJC_WEAK = YES;
				CLANG_WARN_BLOCK_CAPTURE_AUTORELEASING = YES;
				CLANG_WARN_BOOL_CONVERSION = YES;
				CLANG_WARN_COMMA = YES;
				CLANG_WARN_CONSTANT_CONVERSION = YES;
				CLANG_WARN_DEPRECATED_OBJC_IMPLEMENTATIONS = YES;
				CLANG_WARN_DIRECT_OBJC_ISA_USAGE = YES_ERROR;
				CLANG_WARN_DOCUMENTATION_COMMENTS = YES;
				CLANG_WARN_EMPTY_BODY = YES;
				CLANG_WARN_ENUM_CONVERSION = YES;
				CLANG_WARN_INFINITE_RECURSION = YES;
				CLANG_WARN_INT_CONVERSION = YES;
				CLANG_WARN_NON_LITERAL_NULL_CONVERSION = YES;
				CLANG_WARN_OBJC_IMPLICIT_RETAIN_SELF = YES;
				CLANG_WARN_OBJC_LITERAL_CONVERSION = YES;
				CLANG_WARN_OBJC_ROOT_CLASS = YES_ERROR;
				CLANG_WARN_QUOTED_INCLUDE_IN_FRAMEWORK_HEADER = YES;
				CLANG_WARN_RANGE_LOOP_ANALYSIS = YES;
				CLANG_WARN_STRICT_PROTOTYPES = YES;
				CLANG_WARN_SUSPICIOUS_MOVE = YES;
				CLANG_WARN_UNGUARDED_AVAILABILITY = YES_AGGRESSIVE;
				CLANG_WARN_UNREACHABLE_CODE = YES;
				CLANG_WARN__DUPLICATE_METHOD_MATCH = YES;
				COPY_PHASE_STRIP = NO;
				DEBUG_INFORMATION_FORMAT = dwarf;
				ENABLE_STRICT_OBJC_MSGSEND = YES;
				ENABLE_TESTABILITY = YES;
				ENABLE_USER_SCRIPT_SANDBOXING = YES;
				GCC_C_LANGUAGE_STANDARD = gnu17;
				GCC_DYNAMIC_NO_PIC = NO;
				GCC_NO_COMMON_BLOCKS = YES;
				GCC_OPTIMIZATION_LEVEL = 0;
				GCC_PREPROCESSOR_DEFINITIONS = (
					"DEBUG=1",
					"$(inherited)",
				);
				GCC_WARN_64_TO_32_BIT_CONVERSION = YES;
				GCC_WARN_ABOUT_RETURN_TYPE = YES_ERROR;
				GCC_WARN_UNDECLARED_SELECTOR = YES;
				GCC_WARN_UNINITIALIZED_AUTOS = YES_AGGRESSIVE;
				GCC_WARN_UNUSED_FUNCTION = YES;
				GCC_WARN_UNUSED_VARIABLE = YES;
				LOCALIZATION_PREFERS_STRING_CATALOGS = YES;
				MTL_ENABLE_DEBUG_INFO = INCLUDE_SOURCE;
				MTL_FAST_MATH = YES;
				ONLY_ACTIVE_ARCH = YES;
			};
			name = Debug;
		};
		126C277F2EFCBA590036A687 /* Release */ = {
			isa = XCBuildConfiguration;
			buildSettings = {
				ALWAYS_SEARCH_USER_PATHS = NO;
				ASSETCATALOG_COMPILER_GENERATE_SWIFT_ASSET_SYMBOL_EXTENSIONS = YES;
				CLANG_ANALYZER_NONNULL = YES;
				CLANG_ANALYZER_NUMBER_OBJECT_CONVERSION = YES_AGGRESSIVE;
				CLANG_CXX_LANGUAGE_STANDARD = "gnu++20";
				CLANG_ENABLE_MODULES = YES;
				CLANG_ENABLE_OBJC_ARC = YES;
				CLANG_ENABLE_OBJC_WEAK = YES;
				CLANG_WARN_BLOCK_CAPTURE_AUTORELEASING = YES;
				CLANG_WARN_BOOL_CONVERSION = YES;
				CLANG_WARN_COMMA = YES;
				CLANG_WARN_CONSTANT_CONVERSION = YES;
				CLANG_WARN_DEPRECATED_OBJC_IMPLEMENTATIONS = YES;
				CLANG_WARN_DIRECT_OBJC_ISA_USAGE = YES_ERROR;
				CLANG_WARN_DOCUMENTATION_COMMENTS = YES;
				CLANG_WARN_EMPTY_BODY = YES;
				CLANG_WARN_ENUM_CONVERSION = YES;
				CLANG_WARN_INFINITE_RECURSION = YES;
				CLANG_WARN_INT_CONVERSION = YES;
				CLANG_WARN_NON_LITERAL_NULL_CONVERSION = YES;
				CLANG_WARN_OBJC_IMPLICIT_RETAIN_SELF = YES;
				CLANG_WARN_OBJC_LITERAL_CONVERSION = YES;
				CLANG_WARN_OBJC_ROOT_CLASS = YES_ERROR;
				CLANG_WARN_QUOTED_INCLUDE_IN_FRAMEWORK_HEADER = YES;
				CLANG_WARN_RANGE_LOOP_ANALYSIS = YES;
				CLANG_WARN_STRICT_PROTOTYPES = YES;
				CLANG_WARN_SUSPICIOUS_MOVE = YES;
				CLANG_WARN_UNGUARDED_AVAILABILITY = YES_AGGRESSIVE;
				CLANG_WARN_UNREACHABLE_CODE = YES;
				CLANG_WARN__DUPLICATE_METHOD_MATCH = YES;
				COPY_PHASE_STRIP = NO;
				DEBUG_INFORMATION_FORMAT = "dwarf-with-dsym";
				ENABLE_NS_ASSERTIONS = NO;
				ENABLE_STRICT_OBJC_MSGSEND = YES;
				ENABLE_USER_SCRIPT_SANDBOXING = YES;
				GCC_C_LANGUAGE_STANDARD = gnu17;
				GCC_NO_COMMON_BLOCKS = YES;
				GCC_WARN_64_TO_32_BIT_CONVERSION = YES;
				GCC_WARN_ABOUT_RETURN_TYPE = YES_ERROR;
				GCC_WARN_UNDECLARED_SELECTOR = YES;
				GCC_WARN_UNINITIALIZED_AUTOS = YES_AGGRESSIVE;
				GCC_WARN_UNUSED_FUNCTION = YES;
				GCC_WARN_UNUSED_VARIABLE = YES;
				LOCALIZATION_PREFERS_STRING_CATALOGS = YES;
				MTL_ENABLE_DEBUG_INFO = NO;
				MTL_FAST_MATH = YES;
			};
			name = Release;
		};
		126C27812EFCBA590036A687 /* Debug */ = {
			isa = XCBuildConfiguration;
			buildSettings = {
				ASSETCATALOG_COMPILER_APPICON_NAME = AppIcon;
				ASSETCATALOG_COMPILER_GLOBAL_ACCENT_COLOR_NAME = AccentColor;
				CODE_SIGN_STYLE = Automatic;
				CURRENT_PROJECT_VERSION = 1;
				GENERATE_INFOPLIST_FILE = YES;
				INFOPLIST_KEY_UIApplicationSupportsIndirectInputEvents = YES;
				INFOPLIST_KEY_UILaunchStoryboardName = LaunchScreen;
				INFOPLIST_KEY_UIMainStoryboardFile = Main;
				INFOPLIST_KEY_UIStatusBarHidden = YES;
				INFOPLIST_KEY_UISupportedInterfaceOrientations_iPad = "UIInterfaceOrientationPortrait UIInterfaceOrientationPortraitUpsideDown UIInterfaceOrientationLandscapeLeft UIInterfaceOrientationLandscapeRight";
				INFOPLIST_KEY_UISupportedInterfaceOrientations_iPhone = "UIInterfaceOrientationPortrait UIInterfaceOrientationLandscapeLeft UIInterfaceOrientationLandscapeRight";
				IPHONEOS_DEPLOYMENT_TARGET = 17.4;
				LD_RUNPATH_SEARCH_PATHS = (
					"$(inherited)",
					"@executable_path/Frameworks",
				);
				MARKETING_VERSION = 1.0;
				PRODUCT_BUNDLE_IDENTIFIER = "L.-Spiro.BirdSNES";
				PRODUCT_NAME = BirdSNES;
				SDKROOT = iphoneos;
				SWIFT_EMIT_LOC_STRINGS = YES;
				TARGETED_DEVICE_FAMILY = "1,2";
			};
			name = Debug;
		};
		126C27822EFCBA590036A687 /* Release */ = {
			isa = XCBuildConfiguration;
			buildSettings = {
				ASSETCATALOG_COMPILER_APPICON_NAME = AppIcon;
				ASSETCATALOG_COMPILER_GLOBAL_ACCENT_COLOR_NAME = AccentColor;
				CODE_SIGN_STYLE = Automatic;
				CURRENT_PROJECT_VERSION = 1;
				GENERATE_INFOPLIST_FILE = YES;
				INFOPLIST_KEY_UIApplicationSupportsIndirectInputEvents = YES;
				INFOPLIST_KEY_UILaunchStoryboardName = LaunchScreen;
				INFOPLIST_KEY_UIMainStoryboardFile = Main;
				INFOPLIST_KEY_UIStatusBarHidden = YES;
				INFOPLIST_KEY_UISupportedInterfaceOrientations_iPad = "UIInterfaceOrientationPortrait UIInterfaceOrientationPortraitUpsideDown UIInterfaceOrientationLandscapeLeft UIInterfaceOrientationLandscapeRight";
				INFOPLIST_KEY_UISupportedInterfaceOrientations_iPhone = "UIInterfaceOrientationPortrait UIInterfaceOrientationLandscapeLeft UIInterfaceOrientationLandscapeRight";
				IPHONEOS_DEPLOYMENT_TARGET = 17.4;
				LD_RUNPATH_SEARCH_PATHS = (
					"$(inherited)",
					"@executable_path/Frameworks",
				);
				MARKETING_VERSION = 1.0;
				PRODUCT_BUNDLE_IDENTIFIER = "L.-Spiro.BirdSNES";
				PRODUCT_NAME = BirdSNES;
				SDKROOT = iphoneos;
				SWIFT_EMIT_LOC_STRINGS = YES;
				TARGETED_DEVICE_FAMILY = "1,2";
				VALIDATE_PRODUCT = YES;
			};
			name = Release;
		};
		126C27842EFCBA590036A687 /* Debug */ = {
			isa = XCBuildConfiguration;
			buildSettings = {
				ASSETCATALOG_COMPILER_APPICON_NAME = "tvOS App Icon & Top Shelf Image";
				ASSETCATALOG_COMPILER_GLOBAL_ACCENT_COLOR_NAME = AccentColor;
				CODE_SIGN_STYLE = Automatic;
				CURRENT_PROJECT_VERSION = 1;
				GENERATE_INFOPLIST_FILE = YES;
				INFOPLIST_KEY_UILaunchStoryboardName = LaunchScreen;
				INFOPLIST_KEY_UIMainStoryboardFile = Main;
				INFOPLIST_KEY_UIUserInterfaceStyle = Automatic;
				LD_RUNPATH_SEARCH_PATHS = (
					"$(inherited)",
					"@executable_path/Frameworks",
				);
				MARKETING_VERSION = 1.0;
				PRODUCT_BUNDLE_IDENTIFIER = "L.-Spiro.BirdSNES";
				PRODUCT_NAME = BirdSNES;
				SDKROOT = appletvos;
				SWIFT_EMIT_LOC_STRINGS = YES;
				TARGETED_DEVICE_FAMILY = 3;
				TVOS_DEPLOYMENT_TARGET = 17.4;
			};
			name = Debug;
		};
		126C27852EFCBA590036A687 /* Release */ = {
			isa = XCBuildConfiguration;
			buildSettings = {
				ASSETCATALOG_COMPILER_APPICON_NAME = "tvOS App Icon & Top Shelf Image";
				ASSETCATALOG_COMPILER_GLOBAL_ACCENT_COLOR_NAME = AccentColor;
				CODE_SIGN_STYLE = Automatic;
				CURRENT_PROJECT_VERSION = 1;
				GENERATE_INFOPLIST_FILE = YES;
				INFOPLIST_KEY_UILaunchStoryboardName = LaunchScreen;
				INFOPLIST_KEY_UIMainStoryboardFile = Main;
				INFOPLIST_KEY_UIUserInterfaceStyle = Automatic;
				LD_RUNPATH_SEARCH_PATHS = (
					"$(inherited)",
					"@executable_path/Frameworks",
				);
				MARKETING_VERSION = 1.0;
				PRODUCT_BUNDLE_IDENTIFIER = "L.-Spiro.BirdSNES";
				PRODUCT_NAME = BirdSNES;
				SDKROOT = appletvos;
				SWIFT_EMIT_LOC_STRINGS = YES;
				TARGETED_DEVICE_FAMILY = 3;
				TVOS_DEPLOYMENT_TARGET = 17.4;
				VALIDATE_PRODUCT = YES;
			};
			name = Release;
		};
		126C27872EFCBA590036A687 /* Debug */ = {
			isa = XCBuildConfiguration;
			buildSettings = {
				ASSETCATALOG_COMPILER_APPICON_NAME = AppIcon;
				ASSETCATALOG_COMPILER_GLOBAL_ACCENT_COLOR_NAME = AccentColor;
				CODE_SIGN_ENTITLEMENTS = "BirdSNES macOS/BirdSNES_macOS.entitlements";
				CODE_SIGN_STYLE = Automatic;
				COMBINE_HIDPI_IMAGES = YES;
				CURRENT_PROJECT_VERSION = 1;
				GENERATE_INFOPLIST_FILE = YES;
				INFOPLIST_KEY_NSHumanReadableCopyright = "";
				INFOPLIST_KEY_NSMainStoryboardFile = Main;
				INFOPLIST_KEY_NSPrincipalClass = NSApplication;
				LD_RUNPATH_SEARCH_PATHS = (
					"$(inherited)",
					"@executable_path/../Frameworks",
				);
				MACOSX_DEPLOYMENT_TARGET = 14.4;
				MARKETING_VERSION = 1.0;
				PRODUCT_BUNDLE_IDENTIFIER = "L.-Spiro.BirdSNES";
				PRODUCT_NAME = BirdSNES;
				SDKROOT = macosx;
				SWIFT_EMIT_LOC_STRINGS = YES;
			};
			name = Debug;
		};
		126C27882EFCBA590036A687 /* Release */ = {
			isa = XCBuildConfiguration;
			buildSettings = {
				ASSETCATALOG_COMPILER_APPICON_NAME = AppIcon;
				ASSETCATALOG_COMPILER_GLOBAL_ACCENT_COLOR_NAME = AccentColor;
				CODE_SIGN_ENTITLEMENTS = "BirdSNES macOS/BirdSNES_macOS.entitlements";
				CODE_SIGN_STYLE = Automatic;
				COMBINE_HIDPI_IMAGES = YES;
				CURRENT_PROJECT_VERSION = 1;
				GENERATE_INFOPLIST_FILE = YES;
				INFOPLIST_KEY_NSHumanReadableCopyright = "";
				INFOPLIST_KEY_NSMainStoryboardFile = Main;
				INFOPLIST_KEY_NSPrincipalClass = NSApplication;
				LD_RUNPATH_SEARCH_PATHS = (
					"$(inherited)",
					"@executable_path/../Frameworks",
				);
				MACOSX_DEPLOYMENT_TARGET = 14.4;
				MARKETING_VERSION = 1.0;
				PRODUCT_BUNDLE_IDENTIFIER = "L.-Spiro.BirdSNES";
				PRODUCT_NAME = BirdSNES;
				SDKROOT = macosx;
				SWIFT_EMIT_LOC_STRINGS = YES;
			};
			name = Release;
		};
/* End XCBuildConfiguration section */

/* Begin XCConfigurationList section */
		126C27332EFCBA570036A687 /* Build configuration list for PBXProject "BirdSNES" */ = {
			isa = XCConfigurationList;
			buildConfigurations = (
				126C277E2EFCBA590036A687 /* Debug */,
				126C277F2EFCBA590036A687 /* Release */,
			);
			defaultConfigurationIsVisible = 0;
			defaultConfigurationName = Release;
		};
		126C27802EFCBA590036A687 /* Build configuration list for PBXNativeTarget "BirdSNES iOS" */ = {
			isa = XCConfigurationList;
			buildConfigurations = (
				126C27812EFCBA590036A687 /* Debug */,
				126C27822EFCBA590036A687 /* Release */,
			);
			defaultConfigurationIsVisible = 0;
			defaultConfigurationName = Release;
		};
		126C27832EFCBA590036A687 /* Build configuration list for PBXNativeTarget "BirdSNES tvOS" */ = {
			isa = XCConfigurationList;
			buildConfigurations = (
				126C27842EFCBA590036A687 /* Debug */,
				126C27852EFCBA590036A687 /* Release */,
			);
			defaultConfigurationIsVisible = 0;
			defaultConfigurationName = Release;
		};
		126C27862EFCBA590036A687 /* Build configuration list for PBXNativeTarget "BirdSNES macOS" */ = {
			isa = XCConfigurationList;
			buildConfigurations = (
				126C27872EFCBA590036A687 /* Debug */,
				126C27882EFCBA590036A687 /* Release */,
			);
			defaultConfigurationIsVisible = 0;
			defaultConfigurationName = Release;
		};
/* End XCConfigurationList section */
	};
	rootObject = 126C27302EFCBA570036A687 /* Project object */;
}
